// !$*UTF8*$!
{
	archiveVersion = 1;
	classes = {
	};
	objectVersion = 46;
	objects = {

/* Begin PBXBuildFile section */
		0207DA581B56EA530066E2B4 /* Images.xcassets in Resources */ = {isa = PBXBuildFile; fileRef = 0207DA571B56EA530066E2B4 /* Images.xcassets */; };
		0278908851E9433F9B8F9DF8 /* SafariServices.framework in Frameworks */ = {isa = PBXBuildFile; fileRef = C0316CFBEC3D4A9EB6B63DB7 /* SafariServices.framework */; settings = {ATTRIBUTES = (Weak, ); }; };
		050722FCEE514B5B9131EB56 /* AFHTTPSessionManager.m in Sources */ = {isa = PBXBuildFile; fileRef = 0E5E111FA5AC448EA0C3C210 /* AFHTTPSessionManager.m */; };
		0687526539C54CF99A3D3AE0 /* FCMPlugin.m in Sources */ = {isa = PBXBuildFile; fileRef = 3CF84A0E9B404C25A689D1A5 /* FCMPlugin.m */; };
		0757E457DA1A425AB1D80B1F /* CDVWKProcessPoolFactory.m in Sources */ = {isa = PBXBuildFile; fileRef = CC66AE2A848046BAA7651143 /* CDVWKProcessPoolFactory.m */; };
		076D4AD5C15B499891468C67 /* CordovaHttpPlugin.m in Sources */ = {isa = PBXBuildFile; fileRef = 61BB72477D6D4790B0EB2F2D /* CordovaHttpPlugin.m */; };
		092CB6F33FFE40F4B6C6F2C7 /* CDVContacts.m in Sources */ = {isa = PBXBuildFile; fileRef = 8F7D96F94B2B4DFA819A79BB /* CDVContacts.m */; };
		097F3FA6D250461480408B41 /* CDVConnection.m in Sources */ = {isa = PBXBuildFile; fileRef = 8CAA968072C04C98A40127A5 /* CDVConnection.m */; };
		12E89F91DD8A491D81045E80 /* AFURLRequestSerialization.m in Sources */ = {isa = PBXBuildFile; fileRef = 68C62FF0259F423C843B2FAD /* AFURLRequestSerialization.m */; };
		1BD3FCD57AA74FE1B677BA3A /* BinaryRequestSerializer.m in Sources */ = {isa = PBXBuildFile; fileRef = DB54017003EE4A2FABF24230 /* BinaryRequestSerializer.m */; };
		1D3623260D0F684500981E51 /* AppDelegate.m in Sources */ = {isa = PBXBuildFile; fileRef = 1D3623250D0F684500981E51 /* AppDelegate.m */; };
		1D60589B0D05DD56006BFB54 /* main.m in Sources */ = {isa = PBXBuildFile; fileRef = 29B97316FDCFA39411CA2CEA /* main.m */; };
		213578E166C846DC89E2B7FB /* WebKit.framework in Frameworks */ = {isa = PBXBuildFile; fileRef = 45027C7212B9495B952575BD /* WebKit.framework */; settings = {ATTRIBUTES = (Weak, ); }; };
		262CBECDEBBA403A81DD940E /* CDVStatusBar.m in Sources */ = {isa = PBXBuildFile; fileRef = 081A82F6095B4E0AB2FC115E /* CDVStatusBar.m */; };
		294F80D45D19488A800DC5F4 /* LN_LaunchNavigator.m in Sources */ = {isa = PBXBuildFile; fileRef = AB00F89173CE4F99930D3488 /* LN_LaunchNavigator.m */; };
		2BDC6C0313D94631BACECC66 /* AppDelegate+FCMPlugin.m in Sources */ = {isa = PBXBuildFile; fileRef = 47D6EF20FA6645839D6C6238 /* AppDelegate+FCMPlugin.m */; };
		2C3345A9822C482B96A543F1 /* CDVContact.m in Sources */ = {isa = PBXBuildFile; fileRef = 8EDBE904AFAB4428A7F85287 /* CDVContact.m */; };
		2D2385DF2638426E9A91D9B1 /* IONAssetHandler.m in Sources */ = {isa = PBXBuildFile; fileRef = A7408F32A1B04230A0E44051 /* IONAssetHandler.m */; };
		2FDD1D397A4C42FABB9AD009 /* CDVSplashScreen.m in Sources */ = {isa = PBXBuildFile; fileRef = 75944631313D47D78CB2CFFA /* CDVSplashScreen.m */; };
		301BF552109A68D80062928A /* libCordova.a in Frameworks */ = {isa = PBXBuildFile; fileRef = 301BF535109A57CC0062928A /* libCordova.a */; settings = {ATTRIBUTES = (Required, ); }; };
		302D95F114D2391D003F00A1 /* MainViewController.m in Sources */ = {isa = PBXBuildFile; fileRef = 302D95EF14D2391D003F00A1 /* MainViewController.m */; };
		302D95F214D2391D003F00A1 /* MainViewController.xib in Resources */ = {isa = PBXBuildFile; fileRef = 302D95F014D2391D003F00A1 /* MainViewController.xib */; };
		377B7484EAC6481FB0C084D5 /* SignInWithApple.h in Sources */ = {isa = PBXBuildFile; fileRef = 960F1D5916B44D9C9998DEDF /* SignInWithApple.h */; };
		3AAF291701F8498DA4B02575 /* CDVWKInAppBrowserUIDelegate.m in Sources */ = {isa = PBXBuildFile; fileRef = 3B1DE00BBE444BBA98F65FCB /* CDVWKInAppBrowserUIDelegate.m */; };
		3B654F9D3BD64AD9806072FA /* CDVReachability.m in Sources */ = {isa = PBXBuildFile; fileRef = 6A989624B5724563AFE9FE54 /* CDVReachability.m */; };
		4468B9D8AEAC4EC29A665F4A /* CDVViewController+SplashScreen.m in Sources */ = {isa = PBXBuildFile; fileRef = C4939820068747678839A1B6 /* CDVViewController+SplashScreen.m */; };
		48C87CCC3E5940F99CBDD00D /* LN_Reachability.m in Sources */ = {isa = PBXBuildFile; fileRef = 934D23F6DABC46039228EB9F /* LN_Reachability.m */; };
		4AEE8F021BF9485CA2DA1BE7 /* CoreText.framework in Frameworks */ = {isa = PBXBuildFile; fileRef = 7A5285EFAF434B54ABEAD818 /* CoreText.framework */; settings = {ATTRIBUTES = (Weak, ); }; };
		4EE22C43C3F1437D9E68665C /* ActionSheet.m in Sources */ = {isa = PBXBuildFile; fileRef = 5861194815B14E7D88DE2C38 /* ActionSheet.m */; };
		4F96567294A640429449AA54 /* CDVLocalFilesystem.m in Sources */ = {isa = PBXBuildFile; fileRef = E54C05E3D6D44321AFD32284 /* CDVLocalFilesystem.m */; };
		4FC6C18E0F0D4373ABC76C64 /* libsqlite3.0.tbd in Frameworks */ = {isa = PBXBuildFile; fileRef = 37AD0CD7ED0F4E5AAB974D90 /* libsqlite3.0.tbd */; };
		51F6B56CD17D40618A9F96BB /* libz.dylib in Frameworks */ = {isa = PBXBuildFile; fileRef = 1D2377AD2E204692BB029513 /* libz.dylib */; settings = {ATTRIBUTES = (Weak, ); }; };
		54C407638375404CBABABDB7 /* CDVInAppBrowserNavigationController.m in Sources */ = {isa = PBXBuildFile; fileRef = E889F25E6C114388A6D65E5E /* CDVInAppBrowserNavigationController.m */; };
		58FF86FB2FE943CB876BF923 /* CDVInAppBrowser.m in Sources */ = {isa = PBXBuildFile; fileRef = 4D43765B476A4EAF8EB103E9 /* CDVInAppBrowser.m */; };
		591F96AA5769407D821933B2 /* CoreLocation.framework in Frameworks */ = {isa = PBXBuildFile; fileRef = B3196CA620AF45C3AB3D2F29 /* CoreLocation.framework */; };
		5C8270101A7B411E8FFA0628 /* CFCallNumber.m in Sources */ = {isa = PBXBuildFile; fileRef = CD9D66D0A31744B1B5A0E776 /* CFCallNumber.m */; };
		635597045E03462AABA37426 /* FirebaseMessagingPlugin.m in Sources */ = {isa = PBXBuildFile; fileRef = B73FD4453EA846C0AE6C1CBF /* FirebaseMessagingPlugin.m */; };
		6541538006A54692ADBE157B /* SDNetworkActivityIndicator.m in Sources */ = {isa = PBXBuildFile; fileRef = D1A8730E21AF4E4D84AB7258 /* SDNetworkActivityIndicator.m */; };
		677646CAD4D84DC18BFFFF2B /* AddressBookUI.framework in Frameworks */ = {isa = PBXBuildFile; fileRef = 21EDAF1E74214BC498A3C7CB /* AddressBookUI.framework */; settings = {ATTRIBUTES = (Weak, ); }; };
		6AFF5BF91D6E424B00AB3073 /* CDVLaunchScreen.storyboard in Resources */ = {isa = PBXBuildFile; fileRef = 6AFF5BF81D6E424B00AB3073 /* CDVLaunchScreen.storyboard */; };
		7419A5794AAB48DABCDEE268 /* CoreTelephony.framework in Frameworks */ = {isa = PBXBuildFile; fileRef = C321693AC7EA4361B4AC0A00 /* CoreTelephony.framework */; };
		75CB804E87244547BED2E01B /* GoogleService-Info.plist in Resources */ = {isa = PBXBuildFile; fileRef = EC0B57597B134D0B8A858516 /* GoogleService-Info.plist */; };
		7EFE5BC35D214C4DB68BA9B7 /* SignInWithApple.m in Sources */ = {isa = PBXBuildFile; fileRef = B5616DE3777043AABFAD1FC9 /* SignInWithApple.m */; };
		8016895799B0416B95373846 /* CDVInAppBrowserOptions.m in Sources */ = {isa = PBXBuildFile; fileRef = 936D009930AB4B6E9A082A60 /* CDVInAppBrowserOptions.m */; };
		8092BACA2EC14BCB9C084E37 /* libz.tbd in Frameworks */ = {isa = PBXBuildFile; fileRef = F017F689CE0041E3A0FCAB4D /* libz.tbd */; };
		8F1B8DCCA89F4D6B953F05B0 /* AuthenticationServices.framework in Frameworks */ = {isa = PBXBuildFile; fileRef = 7C65311E02054C5EBA3448D7 /* AuthenticationServices.framework */; };
		92E2E5A284A047C6A7870291 /* CDVWKWebViewEngine.m in Sources */ = {isa = PBXBuildFile; fileRef = 81F36A96E620440CAE413865 /* CDVWKWebViewEngine.m */; };
		9490E8A2980E4AA0BABC3768 /* TextRequestSerializer.m in Sources */ = {isa = PBXBuildFile; fileRef = CFBD9864F861497593B7220B /* TextRequestSerializer.m */; };
		969021B1B1934271A4D06B15 /* CDVIonicKeyboard.m in Sources */ = {isa = PBXBuildFile; fileRef = 801DDBFF39464AD0B58FD7D8 /* CDVIonicKeyboard.m */; };
		9A49BB513927033F30DB42DA /* Pods_NAMI_GA.framework in Frameworks */ = {isa = PBXBuildFile; fileRef = AEB3840A1CDBF8990C7F837E /* Pods_NAMI_GA.framework */; };
		9D78AD8D411046DDABB29E2E /* libc++.tbd in Frameworks */ = {isa = PBXBuildFile; fileRef = 2420CE0EFFB84CCA8E54E7E9 /* libc++.tbd */; };
		A0E863B6A53C4A63975F8E1D /* CDVNotification.bundle in Resources */ = {isa = PBXBuildFile; fileRef = 23DEB13EA2764CF5A0A653D5 /* CDVNotification.bundle */; };
		A104A7CB5CB44533A120725C /* CDVNotification.m in Sources */ = {isa = PBXBuildFile; fileRef = 6611AD9D7F9C4B20900A40EB /* CDVNotification.m */; };
		A54A45A0525A4E888FD3490B /* AFSecurityPolicy.m in Sources */ = {isa = PBXBuildFile; fileRef = D6E9CD5EF6A94463978117F3 /* AFSecurityPolicy.m */; };
		AAF3049969E74ED8915FCE4F /* FirebaseAnalyticsPlugin.m in Sources */ = {isa = PBXBuildFile; fileRef = DD4E338C36AA43D188AA078D /* FirebaseAnalyticsPlugin.m */; };
		AED1D68777454AA4A3A62BB0 /* MapKit.framework in Frameworks */ = {isa = PBXBuildFile; fileRef = 031CD08381334BD49B16CFCB /* MapKit.framework */; };
		AFBC8BA19C8747189044F9F4 /* CDVFile.m in Sources */ = {isa = PBXBuildFile; fileRef = DE8318996C4946C9977BFF09 /* CDVFile.m */; };
		B2DD48C6F1B54E328508FD61 /* AFURLResponseSerialization.m in Sources */ = {isa = PBXBuildFile; fileRef = 69CE4F9D9A8D48A181C09B07 /* AFURLResponseSerialization.m */; };
		B71D78CA56EF453094928CEE /* BinaryResponseSerializer.m in Sources */ = {isa = PBXBuildFile; fileRef = F4AB37CDA09943DA9C77A100 /* BinaryResponseSerializer.m */; };
		B9CF8359673F4C1F9D63E974 /* TextResponseSerializer.m in Sources */ = {isa = PBXBuildFile; fileRef = 6AA6758A98B44AABADE323EF /* TextResponseSerializer.m */; };
		BD0E1D8C9E0942F3B54034A8 /* CDVDevice.m in Sources */ = {isa = PBXBuildFile; fileRef = E7903FB2E3574404BE33F68B /* CDVDevice.m */; };
		C57FEDD26BC34A0AB143FA91 /* LaunchNavigatorPlugin.m in Sources */ = {isa = PBXBuildFile; fileRef = 94FA6D8FC6ED49B38AC03019 /* LaunchNavigatorPlugin.m */; };
		C628D5C998304AB08DFA3584 /* Security.framework in Frameworks */ = {isa = PBXBuildFile; fileRef = 2BB725301E5048CBA4DC468F /* Security.framework */; };
		CF468E49D44D45298E0F7BD8 /* AddressBook.framework in Frameworks */ = {isa = PBXBuildFile; fileRef = 74DD85C2D4F847EFA6A06E7E /* AddressBook.framework */; settings = {ATTRIBUTES = (Weak, ); }; };
		CF62BE8C9D444A9993497B37 /* CDVUIInAppBrowser.m in Sources */ = {isa = PBXBuildFile; fileRef = A781E3C9B0194E6EA7C72EC3 /* CDVUIInAppBrowser.m */; };
		D4062A28BE834EAE9840D52E /* GooglePlus.m in Sources */ = {isa = PBXBuildFile; fileRef = 96C328452937463381B96124 /* GooglePlus.m */; };
		D54F629FC86F4E01A538316E /* AFNetworkReachabilityManager.m in Sources */ = {isa = PBXBuildFile; fileRef = 6AA7562E5A0E449E929EA60B /* AFNetworkReachabilityManager.m */; };
		DED92598C9E345D784873E50 /* CDVLocation.m in Sources */ = {isa = PBXBuildFile; fileRef = 262EC3A717B44E4D925BF65F /* CDVLocation.m */; };
		E1F6EDD481B34A70B6CDA360 /* CDVWKInAppBrowser.m in Sources */ = {isa = PBXBuildFile; fileRef = DCF9DFCC92004399B00A4852 /* CDVWKInAppBrowser.m */; };
		E5244589764A4CE2BBD6C7AA /* AFURLSessionManager.m in Sources */ = {isa = PBXBuildFile; fileRef = 3BA0867775DD4BB0858A7790 /* AFURLSessionManager.m */; };
		E944C6AB1ED54A598AE559A5 /* CDVAssetLibraryFilesystem.m in Sources */ = {isa = PBXBuildFile; fileRef = BF19B2DE36E04BED8AED69A2 /* CDVAssetLibraryFilesystem.m */; };
		EABA99D234A74FF6B6F89C1D /* CDVGlobalization.m in Sources */ = {isa = PBXBuildFile; fileRef = 09D36BDB8D8B4DC7ADF73D2B /* CDVGlobalization.m */; };
		EC560797D12D4038B81F6771 /* AudioToolbox.framework in Frameworks */ = {isa = PBXBuildFile; fileRef = 2B6C57278755496F8CB571DD /* AudioToolbox.framework */; settings = {ATTRIBUTES = (Weak, ); }; };
		F0C1B62A41FE467FB871D94F /* SystemConfiguration.framework in Frameworks */ = {isa = PBXBuildFile; fileRef = BCCAB75297834E9088D0D296 /* SystemConfiguration.framework */; };
		F195E1FA36DC4C49B176F720 /* WE_CordovaLogger.m in Sources */ = {isa = PBXBuildFile; fileRef = 68992B639C2B41C78ED8AE40 /* WE_CordovaLogger.m */; };
		F2E33A2D39CA41B1B5B9C887 /* CDVWKWebViewUIDelegate.m in Sources */ = {isa = PBXBuildFile; fileRef = 863EF364754E4438813D4F54 /* CDVWKWebViewUIDelegate.m */; };
		F64EA33C0F3B407C8164E453 /* AppDelegate+FirebaseMessagingPlugin.m in Sources */ = {isa = PBXBuildFile; fileRef = E97ED44D32A44738AF40FADF /* AppDelegate+FirebaseMessagingPlugin.m */; };
		FE01723E55CD4BED99892410 /* WE_Logger.m in Sources */ = {isa = PBXBuildFile; fileRef = 6A9551077E2D4CA1A8440876 /* WE_Logger.m */; };
/* End PBXBuildFile section */

/* Begin PBXContainerItemProxy section */
		301BF534109A57CC0062928A /* PBXContainerItemProxy */ = {
			isa = PBXContainerItemProxy;
			containerPortal = 301BF52D109A57CC0062928A /* CordovaLib.xcodeproj */;
			proxyType = 2;
			remoteGlobalIDString = D2AAC07E0554694100DB518D;
			remoteInfo = CordovaLib;
		};
		301BF550109A68C00062928A /* PBXContainerItemProxy */ = {
			isa = PBXContainerItemProxy;
			containerPortal = 301BF52D109A57CC0062928A /* CordovaLib.xcodeproj */;
			proxyType = 1;
			remoteGlobalIDString = D2AAC07D0554694100DB518D;
			remoteInfo = CordovaLib;
		};
		907D8123214C687600058A10 /* PBXContainerItemProxy */ = {
			isa = PBXContainerItemProxy;
			containerPortal = 301BF52D109A57CC0062928A /* CordovaLib.xcodeproj */;
			proxyType = 2;
			remoteGlobalIDString = C0C01EB21E3911D50056E6CB;
			remoteInfo = Cordova;
		};
/* End PBXContainerItemProxy section */

/* Begin PBXFileReference section */
		0009DE59983C406C83FFB2B7 /* CDVStatusBar.h */ = {isa = PBXFileReference; explicitFileType = undefined; fileEncoding = 4; includeInIndex = 0; lastKnownFileType = sourcecode.c.h; name = CDVStatusBar.h; path = "cordova-plugin-statusbar/CDVStatusBar.h"; sourceTree = "<group>"; };
		006C9708E54640408CC2580F /* CDVWKWebViewUIDelegate.h */ = {isa = PBXFileReference; explicitFileType = undefined; fileEncoding = 4; includeInIndex = 0; lastKnownFileType = sourcecode.c.h; name = CDVWKWebViewUIDelegate.h; path = "cordova-plugin-ionic-webview/CDVWKWebViewUIDelegate.h"; sourceTree = "<group>"; };
		0207DA571B56EA530066E2B4 /* Images.xcassets */ = {isa = PBXFileReference; lastKnownFileType = folder.assetcatalog; name = Images.xcassets; path = "NAMI GA/Images.xcassets"; sourceTree = SOURCE_ROOT; };
		031CD08381334BD49B16CFCB /* MapKit.framework */ = {isa = PBXFileReference; explicitFileType = undefined; fileEncoding = 9; includeInIndex = 0; lastKnownFileType = wrapper.framework; name = MapKit.framework; path = System/Library/Frameworks/MapKit.framework; sourceTree = SDKROOT; };
		044A6A8FA58F479DAC91F93A /* WE_Logger.h */ = {isa = PBXFileReference; explicitFileType = undefined; fileEncoding = 4; includeInIndex = 0; lastKnownFileType = sourcecode.c.h; name = WE_Logger.h; path = uk.co.workingedge.phonegap.plugin.launchnavigator/WE_Logger.h; sourceTree = "<group>"; };
		0625782CE67C4DFAA63440FD /* AppDelegate+FirebaseMessagingPlugin.h */ = {isa = PBXFileReference; explicitFileType = undefined; fileEncoding = 4; includeInIndex = 0; lastKnownFileType = sourcecode.c.h; name = "AppDelegate+FirebaseMessagingPlugin.h"; path = "cordova-plugin-firebase-messaging/AppDelegate+FirebaseMessagingPlugin.h"; sourceTree = "<group>"; };
		081A82F6095B4E0AB2FC115E /* CDVStatusBar.m */ = {isa = PBXFileReference; explicitFileType = undefined; fileEncoding = 4; includeInIndex = 0; lastKnownFileType = sourcecode.c.objc; name = CDVStatusBar.m; path = "cordova-plugin-statusbar/CDVStatusBar.m"; sourceTree = "<group>"; };
		08B0F0C623C847B88863B0F5 /* CDVContact.h */ = {isa = PBXFileReference; explicitFileType = undefined; fileEncoding = 4; includeInIndex = 0; lastKnownFileType = sourcecode.c.h; name = CDVContact.h; path = "cordova-plugin-contacts/CDVContact.h"; sourceTree = "<group>"; };
		09CF4FD52E13446487727D83 /* CDVInAppBrowserOptions.h */ = {isa = PBXFileReference; explicitFileType = undefined; fileEncoding = 4; includeInIndex = 0; lastKnownFileType = sourcecode.c.h; name = CDVInAppBrowserOptions.h; path = "cordova-plugin-inappbrowser/CDVInAppBrowserOptions.h"; sourceTree = "<group>"; };
		09D36BDB8D8B4DC7ADF73D2B /* CDVGlobalization.m */ = {isa = PBXFileReference; explicitFileType = undefined; fileEncoding = 4; includeInIndex = 0; lastKnownFileType = sourcecode.c.objc; name = CDVGlobalization.m; path = "cordova-plugin-globalization/CDVGlobalization.m"; sourceTree = "<group>"; };
		0E5E111FA5AC448EA0C3C210 /* AFHTTPSessionManager.m */ = {isa = PBXFileReference; explicitFileType = undefined; fileEncoding = 4; includeInIndex = 0; lastKnownFileType = sourcecode.c.objc; name = AFHTTPSessionManager.m; path = "cordova-plugin-advanced-http/AFHTTPSessionManager.m"; sourceTree = "<group>"; };
		1D2377AD2E204692BB029513 /* libz.dylib */ = {isa = PBXFileReference; explicitFileType = undefined; fileEncoding = 9; includeInIndex = 0; lastKnownFileType = "compiled.mach-o.dylib"; name = libz.dylib; path = usr/lib/libz.dylib; sourceTree = SDKROOT; };
		1D3623240D0F684500981E51 /* AppDelegate.h */ = {isa = PBXFileReference; fileEncoding = 4; lastKnownFileType = sourcecode.c.h; path = AppDelegate.h; sourceTree = "<group>"; };
		1D3623250D0F684500981E51 /* AppDelegate.m */ = {isa = PBXFileReference; fileEncoding = 4; lastKnownFileType = sourcecode.c.objc; path = AppDelegate.m; sourceTree = "<group>"; };
		1D6058910D05DD3D006BFB54 /* NAMI GA.app */ = {isa = PBXFileReference; explicitFileType = wrapper.application; includeInIndex = 0; path = "NAMI GA.app"; sourceTree = BUILT_PRODUCTS_DIR; };
		1DACD640F54F4CB9AFC198B9 /* FirebaseAnalyticsPlugin.h */ = {isa = PBXFileReference; explicitFileType = undefined; fileEncoding = 4; includeInIndex = 0; lastKnownFileType = sourcecode.c.h; name = FirebaseAnalyticsPlugin.h; path = "cordova-plugin-firebase-analytics/FirebaseAnalyticsPlugin.h"; sourceTree = "<group>"; };
		2109042C12A14232A74A58BF /* CDVFile.h */ = {isa = PBXFileReference; explicitFileType = undefined; fileEncoding = 4; includeInIndex = 0; lastKnownFileType = sourcecode.c.h; name = CDVFile.h; path = "cordova-plugin-file/CDVFile.h"; sourceTree = "<group>"; };
		21EDAF1E74214BC498A3C7CB /* AddressBookUI.framework */ = {isa = PBXFileReference; explicitFileType = undefined; fileEncoding = 9; includeInIndex = 0; lastKnownFileType = wrapper.framework; name = AddressBookUI.framework; path = System/Library/Frameworks/AddressBookUI.framework; sourceTree = SDKROOT; };
		23DEB13EA2764CF5A0A653D5 /* CDVNotification.bundle */ = {isa = PBXFileReference; explicitFileType = undefined; fileEncoding = 9; includeInIndex = 0; lastKnownFileType = "wrapper.plug-in"; path = CDVNotification.bundle; sourceTree = "<group>"; };
		2420CE0EFFB84CCA8E54E7E9 /* libc++.tbd */ = {isa = PBXFileReference; explicitFileType = undefined; fileEncoding = 9; includeInIndex = 0; lastKnownFileType = "sourcecode.text-based-dylib-definition"; name = "libc++.tbd"; path = "usr/lib/libc++.tbd"; sourceTree = SDKROOT; };
		262EC3A717B44E4D925BF65F /* CDVLocation.m */ = {isa = PBXFileReference; explicitFileType = undefined; fileEncoding = 4; includeInIndex = 0; lastKnownFileType = sourcecode.c.objc; name = CDVLocation.m; path = "cordova-plugin-geolocation/CDVLocation.m"; sourceTree = "<group>"; };
		29B97316FDCFA39411CA2CEA /* main.m */ = {isa = PBXFileReference; fileEncoding = 4; lastKnownFileType = sourcecode.c.objc; path = main.m; sourceTree = "<group>"; };
		2B6C57278755496F8CB571DD /* AudioToolbox.framework */ = {isa = PBXFileReference; explicitFileType = undefined; fileEncoding = 9; includeInIndex = 0; lastKnownFileType = wrapper.framework; name = AudioToolbox.framework; path = System/Library/Frameworks/AudioToolbox.framework; sourceTree = SDKROOT; };
		2BB725301E5048CBA4DC468F /* Security.framework */ = {isa = PBXFileReference; explicitFileType = undefined; fileEncoding = 9; includeInIndex = 0; lastKnownFileType = wrapper.framework; name = Security.framework; path = System/Library/Frameworks/Security.framework; sourceTree = SDKROOT; };
		2D1D7731466C408B98751268 /* TextRequestSerializer.h */ = {isa = PBXFileReference; explicitFileType = undefined; fileEncoding = 4; includeInIndex = 0; lastKnownFileType = sourcecode.c.h; name = TextRequestSerializer.h; path = "cordova-plugin-advanced-http/TextRequestSerializer.h"; sourceTree = "<group>"; };
		301BF52D109A57CC0062928A /* CordovaLib.xcodeproj */ = {isa = PBXFileReference; lastKnownFileType = "wrapper.pb-project"; name = CordovaLib.xcodeproj; path = CordovaLib/CordovaLib.xcodeproj; sourceTree = "<group>"; };
		301BF56E109A69640062928A /* www */ = {isa = PBXFileReference; lastKnownFileType = folder; path = www; sourceTree = SOURCE_ROOT; };
		302D95EE14D2391D003F00A1 /* MainViewController.h */ = {isa = PBXFileReference; fileEncoding = 4; lastKnownFileType = sourcecode.c.h; path = MainViewController.h; sourceTree = "<group>"; };
		302D95EF14D2391D003F00A1 /* MainViewController.m */ = {isa = PBXFileReference; fileEncoding = 4; lastKnownFileType = sourcecode.c.objc; path = MainViewController.m; sourceTree = "<group>"; };
		302D95F014D2391D003F00A1 /* MainViewController.xib */ = {isa = PBXFileReference; fileEncoding = 4; lastKnownFileType = file.xib; path = MainViewController.xib; sourceTree = "<group>"; };
		3047A50F1AB8059700498E2A /* build-debug.xcconfig */ = {isa = PBXFileReference; fileEncoding = 4; lastKnownFileType = text.xcconfig; name = "build-debug.xcconfig"; path = "cordova/build-debug.xcconfig"; sourceTree = SOURCE_ROOT; };
		3047A5101AB8059700498E2A /* build-release.xcconfig */ = {isa = PBXFileReference; fileEncoding = 4; lastKnownFileType = text.xcconfig; name = "build-release.xcconfig"; path = "cordova/build-release.xcconfig"; sourceTree = SOURCE_ROOT; };
		3047A5111AB8059700498E2A /* build.xcconfig */ = {isa = PBXFileReference; fileEncoding = 4; lastKnownFileType = text.xcconfig; name = build.xcconfig; path = cordova/build.xcconfig; sourceTree = SOURCE_ROOT; };
		32CA4F630368D1EE00C91783 /* NAMI GA-Prefix.pch */ = {isa = PBXFileReference; fileEncoding = 4; lastKnownFileType = sourcecode.c.h; path = "NAMI GA-Prefix.pch"; sourceTree = "<group>"; };
		37AD0CD7ED0F4E5AAB974D90 /* libsqlite3.0.tbd */ = {isa = PBXFileReference; explicitFileType = undefined; fileEncoding = 9; includeInIndex = 0; lastKnownFileType = "sourcecode.text-based-dylib-definition"; name = libsqlite3.0.tbd; path = usr/lib/libsqlite3.0.tbd; sourceTree = SDKROOT; };
		3848CA996A0643ADB14C7404 /* FCMPlugin.h */ = {isa = PBXFileReference; explicitFileType = undefined; fileEncoding = 4; includeInIndex = 0; lastKnownFileType = sourcecode.c.h; name = FCMPlugin.h; path = "cordova-plugin-fcm-with-dependecy-updated/FCMPlugin.h"; sourceTree = "<group>"; };
		3B1DE00BBE444BBA98F65FCB /* CDVWKInAppBrowserUIDelegate.m */ = {isa = PBXFileReference; explicitFileType = undefined; fileEncoding = 4; includeInIndex = 0; lastKnownFileType = sourcecode.c.objc; name = CDVWKInAppBrowserUIDelegate.m; path = "cordova-plugin-inappbrowser/CDVWKInAppBrowserUIDelegate.m"; sourceTree = "<group>"; };
		3BA0867775DD4BB0858A7790 /* AFURLSessionManager.m */ = {isa = PBXFileReference; explicitFileType = undefined; fileEncoding = 4; includeInIndex = 0; lastKnownFileType = sourcecode.c.objc; name = AFURLSessionManager.m; path = "cordova-plugin-advanced-http/AFURLSessionManager.m"; sourceTree = "<group>"; };
		3CF84A0E9B404C25A689D1A5 /* FCMPlugin.m */ = {isa = PBXFileReference; explicitFileType = undefined; fileEncoding = 4; includeInIndex = 0; lastKnownFileType = sourcecode.c.objc; name = FCMPlugin.m; path = "cordova-plugin-fcm-with-dependecy-updated/FCMPlugin.m"; sourceTree = "<group>"; };
		3DC4BEB8E36042E0A568C9DF /* WE_CordovaLogger.h */ = {isa = PBXFileReference; explicitFileType = undefined; fileEncoding = 4; includeInIndex = 0; lastKnownFileType = sourcecode.c.h; name = WE_CordovaLogger.h; path = uk.co.workingedge.phonegap.plugin.launchnavigator/WE_CordovaLogger.h; sourceTree = "<group>"; };
		3F413BCC458F4555AADC73A0 /* AFNetworkReachabilityManager.h */ = {isa = PBXFileReference; explicitFileType = undefined; fileEncoding = 4; includeInIndex = 0; lastKnownFileType = sourcecode.c.h; name = AFNetworkReachabilityManager.h; path = "cordova-plugin-advanced-http/AFNetworkReachabilityManager.h"; sourceTree = "<group>"; };
		42669EA9A1A84283A9D10D86 /* CDVLocalFilesystem.h */ = {isa = PBXFileReference; explicitFileType = undefined; fileEncoding = 4; includeInIndex = 0; lastKnownFileType = sourcecode.c.h; name = CDVLocalFilesystem.h; path = "cordova-plugin-file/CDVLocalFilesystem.h"; sourceTree = "<group>"; };
		45027C7212B9495B952575BD /* WebKit.framework */ = {isa = PBXFileReference; explicitFileType = undefined; fileEncoding = 9; includeInIndex = 0; lastKnownFileType = wrapper.framework; name = WebKit.framework; path = System/Library/Frameworks/WebKit.framework; sourceTree = SDKROOT; };
		457F0AE92E3A4DF8ABA3A8B8 /* AFURLResponseSerialization.h */ = {isa = PBXFileReference; explicitFileType = undefined; fileEncoding = 4; includeInIndex = 0; lastKnownFileType = sourcecode.c.h; name = AFURLResponseSerialization.h; path = "cordova-plugin-advanced-http/AFURLResponseSerialization.h"; sourceTree = "<group>"; };
		47D6EF20FA6645839D6C6238 /* AppDelegate+FCMPlugin.m */ = {isa = PBXFileReference; explicitFileType = undefined; fileEncoding = 4; includeInIndex = 0; lastKnownFileType = sourcecode.c.objc; name = "AppDelegate+FCMPlugin.m"; path = "cordova-plugin-fcm-with-dependecy-updated/AppDelegate+FCMPlugin.m"; sourceTree = "<group>"; };
		4D43765B476A4EAF8EB103E9 /* CDVInAppBrowser.m */ = {isa = PBXFileReference; explicitFileType = undefined; fileEncoding = 4; includeInIndex = 0; lastKnownFileType = sourcecode.c.objc; name = CDVInAppBrowser.m; path = "cordova-plugin-inappbrowser/CDVInAppBrowser.m"; sourceTree = "<group>"; };
		4F9B6672977749C09A358BA9 /* CDVConnection.h */ = {isa = PBXFileReference; explicitFileType = undefined; fileEncoding = 4; includeInIndex = 0; lastKnownFileType = sourcecode.c.h; name = CDVConnection.h; path = "cordova-plugin-network-information/CDVConnection.h"; sourceTree = "<group>"; };
		5017D92C35F2476CB5630107 /* SDNetworkActivityIndicator.h */ = {isa = PBXFileReference; explicitFileType = undefined; fileEncoding = 4; includeInIndex = 0; lastKnownFileType = sourcecode.c.h; name = SDNetworkActivityIndicator.h; path = "cordova-plugin-advanced-http/SDNetworkActivityIndicator.h"; sourceTree = "<group>"; };
		505712A326244736AB5D1B6C /* AFSecurityPolicy.h */ = {isa = PBXFileReference; explicitFileType = undefined; fileEncoding = 4; includeInIndex = 0; lastKnownFileType = sourcecode.c.h; name = AFSecurityPolicy.h; path = "cordova-plugin-advanced-http/AFSecurityPolicy.h"; sourceTree = "<group>"; };
		55D6AFB93B9D401F9DAEFCD5 /* ActionSheet.h */ = {isa = PBXFileReference; explicitFileType = undefined; fileEncoding = 4; includeInIndex = 0; lastKnownFileType = sourcecode.c.h; name = ActionSheet.h; path = "cordova-plugin-actionsheet/ActionSheet.h"; sourceTree = "<group>"; };
		5861194815B14E7D88DE2C38 /* ActionSheet.m */ = {isa = PBXFileReference; explicitFileType = undefined; fileEncoding = 4; includeInIndex = 0; lastKnownFileType = sourcecode.c.objc; name = ActionSheet.m; path = "cordova-plugin-actionsheet/ActionSheet.m"; sourceTree = "<group>"; };
		60E94775F805419E8D893578 /* CDVViewController+SplashScreen.h */ = {isa = PBXFileReference; explicitFileType = undefined; fileEncoding = 4; includeInIndex = 0; lastKnownFileType = sourcecode.c.h; name = "CDVViewController+SplashScreen.h"; path = "cordova-plugin-splashscreen/CDVViewController+SplashScreen.h"; sourceTree = "<group>"; };
		61BB72477D6D4790B0EB2F2D /* CordovaHttpPlugin.m */ = {isa = PBXFileReference; explicitFileType = undefined; fileEncoding = 4; includeInIndex = 0; lastKnownFileType = sourcecode.c.objc; name = CordovaHttpPlugin.m; path = "cordova-plugin-advanced-http/CordovaHttpPlugin.m"; sourceTree = "<group>"; };
		629D26336712CD23A9EE6727 /* Pods-NAMI GA.debug.xcconfig */ = {isa = PBXFileReference; includeInIndex = 1; lastKnownFileType = text.xcconfig; name = "Pods-NAMI GA.debug.xcconfig"; path = "Target Support Files/Pods-NAMI GA/Pods-NAMI GA.debug.xcconfig"; sourceTree = "<group>"; };
		6433051DA9534BD0BE112377 /* AFURLSessionManager.h */ = {isa = PBXFileReference; explicitFileType = undefined; fileEncoding = 4; includeInIndex = 0; lastKnownFileType = sourcecode.c.h; name = AFURLSessionManager.h; path = "cordova-plugin-advanced-http/AFURLSessionManager.h"; sourceTree = "<group>"; };
		650CF11FBE87426E9360E68E /* AFURLRequestSerialization.h */ = {isa = PBXFileReference; explicitFileType = undefined; fileEncoding = 4; includeInIndex = 0; lastKnownFileType = sourcecode.c.h; name = AFURLRequestSerialization.h; path = "cordova-plugin-advanced-http/AFURLRequestSerialization.h"; sourceTree = "<group>"; };
		6611AD9D7F9C4B20900A40EB /* CDVNotification.m */ = {isa = PBXFileReference; explicitFileType = undefined; fileEncoding = 4; includeInIndex = 0; lastKnownFileType = sourcecode.c.objc; name = CDVNotification.m; path = "cordova-plugin-dialogs/CDVNotification.m"; sourceTree = "<group>"; };
		67F08A54455842B1AF1364D0 /* CDVWKWebViewEngine.h */ = {isa = PBXFileReference; explicitFileType = undefined; fileEncoding = 4; includeInIndex = 0; lastKnownFileType = sourcecode.c.h; name = CDVWKWebViewEngine.h; path = "cordova-plugin-ionic-webview/CDVWKWebViewEngine.h"; sourceTree = "<group>"; };
		68992B639C2B41C78ED8AE40 /* WE_CordovaLogger.m */ = {isa = PBXFileReference; explicitFileType = undefined; fileEncoding = 4; includeInIndex = 0; lastKnownFileType = sourcecode.c.objc; name = WE_CordovaLogger.m; path = uk.co.workingedge.phonegap.plugin.launchnavigator/WE_CordovaLogger.m; sourceTree = "<group>"; };
		68C62FF0259F423C843B2FAD /* AFURLRequestSerialization.m */ = {isa = PBXFileReference; explicitFileType = undefined; fileEncoding = 4; includeInIndex = 0; lastKnownFileType = sourcecode.c.objc; name = AFURLRequestSerialization.m; path = "cordova-plugin-advanced-http/AFURLRequestSerialization.m"; sourceTree = "<group>"; };
		69CE4F9D9A8D48A181C09B07 /* AFURLResponseSerialization.m */ = {isa = PBXFileReference; explicitFileType = undefined; fileEncoding = 4; includeInIndex = 0; lastKnownFileType = sourcecode.c.objc; name = AFURLResponseSerialization.m; path = "cordova-plugin-advanced-http/AFURLResponseSerialization.m"; sourceTree = "<group>"; };
		6A9551077E2D4CA1A8440876 /* WE_Logger.m */ = {isa = PBXFileReference; explicitFileType = undefined; fileEncoding = 4; includeInIndex = 0; lastKnownFileType = sourcecode.c.objc; name = WE_Logger.m; path = uk.co.workingedge.phonegap.plugin.launchnavigator/WE_Logger.m; sourceTree = "<group>"; };
		6A989624B5724563AFE9FE54 /* CDVReachability.m */ = {isa = PBXFileReference; explicitFileType = undefined; fileEncoding = 4; includeInIndex = 0; lastKnownFileType = sourcecode.c.objc; name = CDVReachability.m; path = "cordova-plugin-network-information/CDVReachability.m"; sourceTree = "<group>"; };
		6AA6758A98B44AABADE323EF /* TextResponseSerializer.m */ = {isa = PBXFileReference; explicitFileType = undefined; fileEncoding = 4; includeInIndex = 0; lastKnownFileType = sourcecode.c.objc; name = TextResponseSerializer.m; path = "cordova-plugin-advanced-http/TextResponseSerializer.m"; sourceTree = "<group>"; };
		6AA7562E5A0E449E929EA60B /* AFNetworkReachabilityManager.m */ = {isa = PBXFileReference; explicitFileType = undefined; fileEncoding = 4; includeInIndex = 0; lastKnownFileType = sourcecode.c.objc; name = AFNetworkReachabilityManager.m; path = "cordova-plugin-advanced-http/AFNetworkReachabilityManager.m"; sourceTree = "<group>"; };
		6AFF5BF81D6E424B00AB3073 /* CDVLaunchScreen.storyboard */ = {isa = PBXFileReference; fileEncoding = 4; lastKnownFileType = file.storyboard; name = CDVLaunchScreen.storyboard; path = "NAMI GA/CDVLaunchScreen.storyboard"; sourceTree = SOURCE_ROOT; };
		715F1D1D9DB44EDCAC009AA3 /* CDVReachability.h */ = {isa = PBXFileReference; explicitFileType = undefined; fileEncoding = 4; includeInIndex = 0; lastKnownFileType = sourcecode.c.h; name = CDVReachability.h; path = "cordova-plugin-network-information/CDVReachability.h"; sourceTree = "<group>"; };
		7308178C86DF45648D9A3E9D /* CDVInAppBrowserNavigationController.h */ = {isa = PBXFileReference; explicitFileType = undefined; fileEncoding = 4; includeInIndex = 0; lastKnownFileType = sourcecode.c.h; name = CDVInAppBrowserNavigationController.h; path = "cordova-plugin-inappbrowser/CDVInAppBrowserNavigationController.h"; sourceTree = "<group>"; };
		74DD85C2D4F847EFA6A06E7E /* AddressBook.framework */ = {isa = PBXFileReference; explicitFileType = undefined; fileEncoding = 9; includeInIndex = 0; lastKnownFileType = wrapper.framework; name = AddressBook.framework; path = System/Library/Frameworks/AddressBook.framework; sourceTree = SDKROOT; };
		75944631313D47D78CB2CFFA /* CDVSplashScreen.m */ = {isa = PBXFileReference; explicitFileType = undefined; fileEncoding = 4; includeInIndex = 0; lastKnownFileType = sourcecode.c.objc; name = CDVSplashScreen.m; path = "cordova-plugin-splashscreen/CDVSplashScreen.m"; sourceTree = "<group>"; };
		77A3E16ECABC4490AFB50B89 /* CDVAssetLibraryFilesystem.h */ = {isa = PBXFileReference; explicitFileType = undefined; fileEncoding = 4; includeInIndex = 0; lastKnownFileType = sourcecode.c.h; name = CDVAssetLibraryFilesystem.h; path = "cordova-plugin-file/CDVAssetLibraryFilesystem.h"; sourceTree = "<group>"; };
		79E3B3418B324EF7957A76CE /* CordovaHttpPlugin.h */ = {isa = PBXFileReference; explicitFileType = undefined; fileEncoding = 4; includeInIndex = 0; lastKnownFileType = sourcecode.c.h; name = CordovaHttpPlugin.h; path = "cordova-plugin-advanced-http/CordovaHttpPlugin.h"; sourceTree = "<group>"; };
		7A5285EFAF434B54ABEAD818 /* CoreText.framework */ = {isa = PBXFileReference; explicitFileType = undefined; fileEncoding = 9; includeInIndex = 0; lastKnownFileType = wrapper.framework; name = CoreText.framework; path = System/Library/Frameworks/CoreText.framework; sourceTree = SDKROOT; };
		7B577CDB7EB2465EB24EAB16 /* AppDelegate+FCMPlugin.h */ = {isa = PBXFileReference; explicitFileType = undefined; fileEncoding = 4; includeInIndex = 0; lastKnownFileType = sourcecode.c.h; name = "AppDelegate+FCMPlugin.h"; path = "cordova-plugin-fcm-with-dependecy-updated/AppDelegate+FCMPlugin.h"; sourceTree = "<group>"; };
		7C65311E02054C5EBA3448D7 /* AuthenticationServices.framework */ = {isa = PBXFileReference; explicitFileType = undefined; fileEncoding = 9; includeInIndex = 0; lastKnownFileType = wrapper.framework; name = AuthenticationServices.framework; path = System/Library/Frameworks/AuthenticationServices.framework; sourceTree = SDKROOT; };
		801DDBFF39464AD0B58FD7D8 /* CDVIonicKeyboard.m */ = {isa = PBXFileReference; explicitFileType = undefined; fileEncoding = 4; includeInIndex = 0; lastKnownFileType = sourcecode.c.objc; name = CDVIonicKeyboard.m; path = "cordova-plugin-ionic-keyboard/CDVIonicKeyboard.m"; sourceTree = "<group>"; };
		80DEFF4E4E674D2E928B6BE0 /* CDVInAppBrowser.h */ = {isa = PBXFileReference; explicitFileType = undefined; fileEncoding = 4; includeInIndex = 0; lastKnownFileType = sourcecode.c.h; name = CDVInAppBrowser.h; path = "cordova-plugin-inappbrowser/CDVInAppBrowser.h"; sourceTree = "<group>"; };
		81F36A96E620440CAE413865 /* CDVWKWebViewEngine.m */ = {isa = PBXFileReference; explicitFileType = undefined; fileEncoding = 4; includeInIndex = 0; lastKnownFileType = sourcecode.c.objc; name = CDVWKWebViewEngine.m; path = "cordova-plugin-ionic-webview/CDVWKWebViewEngine.m"; sourceTree = "<group>"; };
		862436B07ECC45418D55DEB2 /* CDVNotification.h */ = {isa = PBXFileReference; explicitFileType = undefined; fileEncoding = 4; includeInIndex = 0; lastKnownFileType = sourcecode.c.h; name = CDVNotification.h; path = "cordova-plugin-dialogs/CDVNotification.h"; sourceTree = "<group>"; };
		863EF364754E4438813D4F54 /* CDVWKWebViewUIDelegate.m */ = {isa = PBXFileReference; explicitFileType = undefined; fileEncoding = 4; includeInIndex = 0; lastKnownFileType = sourcecode.c.objc; name = CDVWKWebViewUIDelegate.m; path = "cordova-plugin-ionic-webview/CDVWKWebViewUIDelegate.m"; sourceTree = "<group>"; };
		86CF1732E77746D8AD02BB29 /* CDVDevice.h */ = {isa = PBXFileReference; explicitFileType = undefined; fileEncoding = 4; includeInIndex = 0; lastKnownFileType = sourcecode.c.h; name = CDVDevice.h; path = "cordova-plugin-device/CDVDevice.h"; sourceTree = "<group>"; };
		8CAA968072C04C98A40127A5 /* CDVConnection.m */ = {isa = PBXFileReference; explicitFileType = undefined; fileEncoding = 4; includeInIndex = 0; lastKnownFileType = sourcecode.c.objc; name = CDVConnection.m; path = "cordova-plugin-network-information/CDVConnection.m"; sourceTree = "<group>"; };
		8D1107310486CEB800E47090 /* NAMI GA-Info.plist */ = {isa = PBXFileReference; fileEncoding = 4; lastKnownFileType = text.plist.xml; name = "NAMI GA-Info.plist"; path = "NAMI GA/NAMI GA-Info.plist"; plistStructureDefinitionIdentifier = "com.apple.xcode.plist.structure-definition.iphone.info-plist"; sourceTree = SOURCE_ROOT; };
		8EDBE904AFAB4428A7F85287 /* CDVContact.m */ = {isa = PBXFileReference; explicitFileType = undefined; fileEncoding = 4; includeInIndex = 0; lastKnownFileType = sourcecode.c.objc; name = CDVContact.m; path = "cordova-plugin-contacts/CDVContact.m"; sourceTree = "<group>"; };
		8F7D96F94B2B4DFA819A79BB /* CDVContacts.m */ = {isa = PBXFileReference; explicitFileType = undefined; fileEncoding = 4; includeInIndex = 0; lastKnownFileType = sourcecode.c.objc; name = CDVContacts.m; path = "cordova-plugin-contacts/CDVContacts.m"; sourceTree = "<group>"; };
		928994A969B64269AF9E4831 /* CDVContacts.h */ = {isa = PBXFileReference; explicitFileType = undefined; fileEncoding = 4; includeInIndex = 0; lastKnownFileType = sourcecode.c.h; name = CDVContacts.h; path = "cordova-plugin-contacts/CDVContacts.h"; sourceTree = "<group>"; };
		934D23F6DABC46039228EB9F /* LN_Reachability.m */ = {isa = PBXFileReference; explicitFileType = undefined; fileEncoding = 4; includeInIndex = 0; lastKnownFileType = sourcecode.c.objc; name = LN_Reachability.m; path = uk.co.workingedge.phonegap.plugin.launchnavigator/LN_Reachability.m; sourceTree = "<group>"; };
		93505F43DAB64C3FBEA6639E /* CDVGlobalization.h */ = {isa = PBXFileReference; explicitFileType = undefined; fileEncoding = 4; includeInIndex = 0; lastKnownFileType = sourcecode.c.h; name = CDVGlobalization.h; path = "cordova-plugin-globalization/CDVGlobalization.h"; sourceTree = "<group>"; };
		936D009930AB4B6E9A082A60 /* CDVInAppBrowserOptions.m */ = {isa = PBXFileReference; explicitFileType = undefined; fileEncoding = 4; includeInIndex = 0; lastKnownFileType = sourcecode.c.objc; name = CDVInAppBrowserOptions.m; path = "cordova-plugin-inappbrowser/CDVInAppBrowserOptions.m"; sourceTree = "<group>"; };
		94FA6D8FC6ED49B38AC03019 /* LaunchNavigatorPlugin.m */ = {isa = PBXFileReference; explicitFileType = undefined; fileEncoding = 4; includeInIndex = 0; lastKnownFileType = sourcecode.c.objc; name = LaunchNavigatorPlugin.m; path = uk.co.workingedge.phonegap.plugin.launchnavigator/LaunchNavigatorPlugin.m; sourceTree = "<group>"; };
		960F1D5916B44D9C9998DEDF /* SignInWithApple.h */ = {isa = PBXFileReference; explicitFileType = undefined; fileEncoding = 4; includeInIndex = 0; lastKnownFileType = sourcecode.c.h; name = SignInWithApple.h; path = "cordova-plugin-sign-in-with-apple/SignInWithApple.h"; sourceTree = "<group>"; };
		96C328452937463381B96124 /* GooglePlus.m */ = {isa = PBXFileReference; explicitFileType = undefined; fileEncoding = 4; includeInIndex = 0; lastKnownFileType = sourcecode.c.objc; name = GooglePlus.m; path = "cordova-plugin-googleplus/GooglePlus.m"; sourceTree = "<group>"; };
		9F54EF1B99794726AF534778 /* CDVIonicKeyboard.h */ = {isa = PBXFileReference; explicitFileType = undefined; fileEncoding = 4; includeInIndex = 0; lastKnownFileType = sourcecode.c.h; name = CDVIonicKeyboard.h; path = "cordova-plugin-ionic-keyboard/CDVIonicKeyboard.h"; sourceTree = "<group>"; };
		A61CF3C181824B8E93F85EE9 /* FirebaseMessagingPlugin.h */ = {isa = PBXFileReference; explicitFileType = undefined; fileEncoding = 4; includeInIndex = 0; lastKnownFileType = sourcecode.c.h; name = FirebaseMessagingPlugin.h; path = "cordova-plugin-firebase-messaging/FirebaseMessagingPlugin.h"; sourceTree = "<group>"; };
		A7408F32A1B04230A0E44051 /* IONAssetHandler.m */ = {isa = PBXFileReference; explicitFileType = undefined; fileEncoding = 4; includeInIndex = 0; lastKnownFileType = sourcecode.c.objc; name = IONAssetHandler.m; path = "cordova-plugin-ionic-webview/IONAssetHandler.m"; sourceTree = "<group>"; };
		A781E3C9B0194E6EA7C72EC3 /* CDVUIInAppBrowser.m */ = {isa = PBXFileReference; explicitFileType = undefined; fileEncoding = 4; includeInIndex = 0; lastKnownFileType = sourcecode.c.objc; name = CDVUIInAppBrowser.m; path = "cordova-plugin-inappbrowser/CDVUIInAppBrowser.m"; sourceTree = "<group>"; };
		AB00F89173CE4F99930D3488 /* LN_LaunchNavigator.m */ = {isa = PBXFileReference; explicitFileType = undefined; fileEncoding = 4; includeInIndex = 0; lastKnownFileType = sourcecode.c.objc; name = LN_LaunchNavigator.m; path = uk.co.workingedge.phonegap.plugin.launchnavigator/LN_LaunchNavigator.m; sourceTree = "<group>"; };
		AEB3840A1CDBF8990C7F837E /* Pods_NAMI_GA.framework */ = {isa = PBXFileReference; explicitFileType = wrapper.framework; includeInIndex = 0; path = Pods_NAMI_GA.framework; sourceTree = BUILT_PRODUCTS_DIR; };
		B12EF0B5D18544FD8FD95C9C /* CDVWKInAppBrowserUIDelegate.h */ = {isa = PBXFileReference; explicitFileType = undefined; fileEncoding = 4; includeInIndex = 0; lastKnownFileType = sourcecode.c.h; name = CDVWKInAppBrowserUIDelegate.h; path = "cordova-plugin-inappbrowser/CDVWKInAppBrowserUIDelegate.h"; sourceTree = "<group>"; };
		B3196CA620AF45C3AB3D2F29 /* CoreLocation.framework */ = {isa = PBXFileReference; explicitFileType = undefined; fileEncoding = 9; includeInIndex = 0; lastKnownFileType = wrapper.framework; name = CoreLocation.framework; path = System/Library/Frameworks/CoreLocation.framework; sourceTree = SDKROOT; };
		B43566B9E8654C1BAC7FADB0 /* CDVWKInAppBrowser.h */ = {isa = PBXFileReference; explicitFileType = undefined; fileEncoding = 4; includeInIndex = 0; lastKnownFileType = sourcecode.c.h; name = CDVWKInAppBrowser.h; path = "cordova-plugin-inappbrowser/CDVWKInAppBrowser.h"; sourceTree = "<group>"; };
		B5616DE3777043AABFAD1FC9 /* SignInWithApple.m */ = {isa = PBXFileReference; explicitFileType = undefined; fileEncoding = 4; includeInIndex = 0; lastKnownFileType = sourcecode.c.objc; name = SignInWithApple.m; path = "cordova-plugin-sign-in-with-apple/SignInWithApple.m"; sourceTree = "<group>"; };
		B73FD4453EA846C0AE6C1CBF /* FirebaseMessagingPlugin.m */ = {isa = PBXFileReference; explicitFileType = undefined; fileEncoding = 4; includeInIndex = 0; lastKnownFileType = sourcecode.c.objc; name = FirebaseMessagingPlugin.m; path = "cordova-plugin-firebase-messaging/FirebaseMessagingPlugin.m"; sourceTree = "<group>"; };
		BC72841B3C7B4D00B4E67143 /* GooglePlus.h */ = {isa = PBXFileReference; explicitFileType = undefined; fileEncoding = 4; includeInIndex = 0; lastKnownFileType = sourcecode.c.h; name = GooglePlus.h; path = "cordova-plugin-googleplus/GooglePlus.h"; sourceTree = "<group>"; };
		BCA939799D0C4F86A2EA4BD7 /* TextResponseSerializer.h */ = {isa = PBXFileReference; explicitFileType = undefined; fileEncoding = 4; includeInIndex = 0; lastKnownFileType = sourcecode.c.h; name = TextResponseSerializer.h; path = "cordova-plugin-advanced-http/TextResponseSerializer.h"; sourceTree = "<group>"; };
		BCCAB75297834E9088D0D296 /* SystemConfiguration.framework */ = {isa = PBXFileReference; explicitFileType = undefined; fileEncoding = 9; includeInIndex = 0; lastKnownFileType = wrapper.framework; name = SystemConfiguration.framework; path = System/Library/Frameworks/SystemConfiguration.framework; sourceTree = SDKROOT; };
		BEE574CD6A5443F795A29A81 /* BinaryResponseSerializer.h */ = {isa = PBXFileReference; explicitFileType = undefined; fileEncoding = 4; includeInIndex = 0; lastKnownFileType = sourcecode.c.h; name = BinaryResponseSerializer.h; path = "cordova-plugin-advanced-http/BinaryResponseSerializer.h"; sourceTree = "<group>"; };
		BF19B2DE36E04BED8AED69A2 /* CDVAssetLibraryFilesystem.m */ = {isa = PBXFileReference; explicitFileType = undefined; fileEncoding = 4; includeInIndex = 0; lastKnownFileType = sourcecode.c.objc; name = CDVAssetLibraryFilesystem.m; path = "cordova-plugin-file/CDVAssetLibraryFilesystem.m"; sourceTree = "<group>"; };
		C0316CFBEC3D4A9EB6B63DB7 /* SafariServices.framework */ = {isa = PBXFileReference; explicitFileType = undefined; fileEncoding = 9; includeInIndex = 0; lastKnownFileType = wrapper.framework; name = SafariServices.framework; path = System/Library/Frameworks/SafariServices.framework; sourceTree = SDKROOT; };
		C321693AC7EA4361B4AC0A00 /* CoreTelephony.framework */ = {isa = PBXFileReference; explicitFileType = undefined; fileEncoding = 9; includeInIndex = 0; lastKnownFileType = wrapper.framework; name = CoreTelephony.framework; path = System/Library/Frameworks/CoreTelephony.framework; sourceTree = SDKROOT; };
		C4939820068747678839A1B6 /* CDVViewController+SplashScreen.m */ = {isa = PBXFileReference; explicitFileType = undefined; fileEncoding = 4; includeInIndex = 0; lastKnownFileType = sourcecode.c.objc; name = "CDVViewController+SplashScreen.m"; path = "cordova-plugin-splashscreen/CDVViewController+SplashScreen.m"; sourceTree = "<group>"; };
		C8E9002D168B42FBA78F0E07 /* CDVLocation.h */ = {isa = PBXFileReference; explicitFileType = undefined; fileEncoding = 4; includeInIndex = 0; lastKnownFileType = sourcecode.c.h; name = CDVLocation.h; path = "cordova-plugin-geolocation/CDVLocation.h"; sourceTree = "<group>"; };
		C92BBE24FB1346C8AF484F92 /* CDVWKProcessPoolFactory.h */ = {isa = PBXFileReference; explicitFileType = undefined; fileEncoding = 4; includeInIndex = 0; lastKnownFileType = sourcecode.c.h; name = CDVWKProcessPoolFactory.h; path = "cordova-plugin-ionic-webview/CDVWKProcessPoolFactory.h"; sourceTree = "<group>"; };
		CC66AE2A848046BAA7651143 /* CDVWKProcessPoolFactory.m */ = {isa = PBXFileReference; explicitFileType = undefined; fileEncoding = 4; includeInIndex = 0; lastKnownFileType = sourcecode.c.objc; name = CDVWKProcessPoolFactory.m; path = "cordova-plugin-ionic-webview/CDVWKProcessPoolFactory.m"; sourceTree = "<group>"; };
		CD01C8EEC724472B90DF1721 /* AFHTTPSessionManager.h */ = {isa = PBXFileReference; explicitFileType = undefined; fileEncoding = 4; includeInIndex = 0; lastKnownFileType = sourcecode.c.h; name = AFHTTPSessionManager.h; path = "cordova-plugin-advanced-http/AFHTTPSessionManager.h"; sourceTree = "<group>"; };
		CD9D66D0A31744B1B5A0E776 /* CFCallNumber.m */ = {isa = PBXFileReference; explicitFileType = undefined; fileEncoding = 4; includeInIndex = 0; lastKnownFileType = sourcecode.c.objc; name = CFCallNumber.m; path = "call-number/CFCallNumber.m"; sourceTree = "<group>"; };
		CFBD9864F861497593B7220B /* TextRequestSerializer.m */ = {isa = PBXFileReference; explicitFileType = undefined; fileEncoding = 4; includeInIndex = 0; lastKnownFileType = sourcecode.c.objc; name = TextRequestSerializer.m; path = "cordova-plugin-advanced-http/TextRequestSerializer.m"; sourceTree = "<group>"; };
		D1A8730E21AF4E4D84AB7258 /* SDNetworkActivityIndicator.m */ = {isa = PBXFileReference; explicitFileType = undefined; fileEncoding = 4; includeInIndex = 0; lastKnownFileType = sourcecode.c.objc; name = SDNetworkActivityIndicator.m; path = "cordova-plugin-advanced-http/SDNetworkActivityIndicator.m"; sourceTree = "<group>"; };
		D5D93807183944B2BFE45A7F /* CFCallNumber.h */ = {isa = PBXFileReference; explicitFileType = undefined; fileEncoding = 4; includeInIndex = 0; lastKnownFileType = sourcecode.c.h; name = CFCallNumber.h; path = "call-number/CFCallNumber.h"; sourceTree = "<group>"; };
		D6E9CD5EF6A94463978117F3 /* AFSecurityPolicy.m */ = {isa = PBXFileReference; explicitFileType = undefined; fileEncoding = 4; includeInIndex = 0; lastKnownFileType = sourcecode.c.objc; name = AFSecurityPolicy.m; path = "cordova-plugin-advanced-http/AFSecurityPolicy.m"; sourceTree = "<group>"; };
		D9145A5785DA41B0A457291A /* LN_LaunchNavigator.h */ = {isa = PBXFileReference; explicitFileType = undefined; fileEncoding = 4; includeInIndex = 0; lastKnownFileType = sourcecode.c.h; name = LN_LaunchNavigator.h; path = uk.co.workingedge.phonegap.plugin.launchnavigator/LN_LaunchNavigator.h; sourceTree = "<group>"; };
		DB54017003EE4A2FABF24230 /* BinaryRequestSerializer.m */ = {isa = PBXFileReference; explicitFileType = undefined; fileEncoding = 4; includeInIndex = 0; lastKnownFileType = sourcecode.c.objc; name = BinaryRequestSerializer.m; path = "cordova-plugin-advanced-http/BinaryRequestSerializer.m"; sourceTree = "<group>"; };
		DCF9DFCC92004399B00A4852 /* CDVWKInAppBrowser.m */ = {isa = PBXFileReference; explicitFileType = undefined; fileEncoding = 4; includeInIndex = 0; lastKnownFileType = sourcecode.c.objc; name = CDVWKInAppBrowser.m; path = "cordova-plugin-inappbrowser/CDVWKInAppBrowser.m"; sourceTree = "<group>"; };
		DD4E338C36AA43D188AA078D /* FirebaseAnalyticsPlugin.m */ = {isa = PBXFileReference; explicitFileType = undefined; fileEncoding = 4; includeInIndex = 0; lastKnownFileType = sourcecode.c.objc; name = FirebaseAnalyticsPlugin.m; path = "cordova-plugin-firebase-analytics/FirebaseAnalyticsPlugin.m"; sourceTree = "<group>"; };
		DE8318996C4946C9977BFF09 /* CDVFile.m */ = {isa = PBXFileReference; explicitFileType = undefined; fileEncoding = 4; includeInIndex = 0; lastKnownFileType = sourcecode.c.objc; name = CDVFile.m; path = "cordova-plugin-file/CDVFile.m"; sourceTree = "<group>"; };
		E54C05E3D6D44321AFD32284 /* CDVLocalFilesystem.m */ = {isa = PBXFileReference; explicitFileType = undefined; fileEncoding = 4; includeInIndex = 0; lastKnownFileType = sourcecode.c.objc; name = CDVLocalFilesystem.m; path = "cordova-plugin-file/CDVLocalFilesystem.m"; sourceTree = "<group>"; };
		E7903FB2E3574404BE33F68B /* CDVDevice.m */ = {isa = PBXFileReference; explicitFileType = undefined; fileEncoding = 4; includeInIndex = 0; lastKnownFileType = sourcecode.c.objc; name = CDVDevice.m; path = "cordova-plugin-device/CDVDevice.m"; sourceTree = "<group>"; };
		E889F25E6C114388A6D65E5E /* CDVInAppBrowserNavigationController.m */ = {isa = PBXFileReference; explicitFileType = undefined; fileEncoding = 4; includeInIndex = 0; lastKnownFileType = sourcecode.c.objc; name = CDVInAppBrowserNavigationController.m; path = "cordova-plugin-inappbrowser/CDVInAppBrowserNavigationController.m"; sourceTree = "<group>"; };
		E895C861787B44639C3BE125 /* AFNetworking.h */ = {isa = PBXFileReference; explicitFileType = undefined; fileEncoding = 4; includeInIndex = 0; lastKnownFileType = sourcecode.c.h; name = AFNetworking.h; path = "cordova-plugin-advanced-http/AFNetworking.h"; sourceTree = "<group>"; };
		E97ED44D32A44738AF40FADF /* AppDelegate+FirebaseMessagingPlugin.m */ = {isa = PBXFileReference; explicitFileType = undefined; fileEncoding = 4; includeInIndex = 0; lastKnownFileType = sourcecode.c.objc; name = "AppDelegate+FirebaseMessagingPlugin.m"; path = "cordova-plugin-firebase-messaging/AppDelegate+FirebaseMessagingPlugin.m"; sourceTree = "<group>"; };
		EA7D8BD4C0C24E79B0E53192 /* BinaryRequestSerializer.h */ = {isa = PBXFileReference; explicitFileType = undefined; fileEncoding = 4; includeInIndex = 0; lastKnownFileType = sourcecode.c.h; name = BinaryRequestSerializer.h; path = "cordova-plugin-advanced-http/BinaryRequestSerializer.h"; sourceTree = "<group>"; };
		EB87FDF31871DA8E0020F90C /* www */ = {isa = PBXFileReference; lastKnownFileType = folder; name = www; path = ../../www; sourceTree = "<group>"; };
		EB87FDF41871DAF40020F90C /* config.xml */ = {isa = PBXFileReference; lastKnownFileType = text.xml; name = config.xml; path = ../../config.xml; sourceTree = "<group>"; };
		EC0B57597B134D0B8A858516 /* GoogleService-Info.plist */ = {isa = PBXFileReference; explicitFileType = undefined; fileEncoding = 4; includeInIndex = 0; lastKnownFileType = text.plist.xml; name = "GoogleService-Info.plist"; path = "Resources/GoogleService-Info.plist"; sourceTree = "<group>"; };
		ED33DF2A687741AEAF9F8254 /* Bridging-Header.h */ = {isa = PBXFileReference; fileEncoding = 4; lastKnownFileType = sourcecode.c.h; path = "Bridging-Header.h"; sourceTree = "<group>"; };
		EEBF31F7E00946C7A502C4E9 /* IONAssetHandler.h */ = {isa = PBXFileReference; explicitFileType = undefined; fileEncoding = 4; includeInIndex = 0; lastKnownFileType = sourcecode.c.h; name = IONAssetHandler.h; path = "cordova-plugin-ionic-webview/IONAssetHandler.h"; sourceTree = "<group>"; };
		F017F689CE0041E3A0FCAB4D /* libz.tbd */ = {isa = PBXFileReference; explicitFileType = undefined; fileEncoding = 9; includeInIndex = 0; lastKnownFileType = "sourcecode.text-based-dylib-definition"; name = libz.tbd; path = usr/lib/libz.tbd; sourceTree = SDKROOT; };
		F334295DE57C4455BD81D987 /* LaunchNavigatorPlugin.h */ = {isa = PBXFileReference; explicitFileType = undefined; fileEncoding = 4; includeInIndex = 0; lastKnownFileType = sourcecode.c.h; name = LaunchNavigatorPlugin.h; path = uk.co.workingedge.phonegap.plugin.launchnavigator/LaunchNavigatorPlugin.h; sourceTree = "<group>"; };
		F4AB37CDA09943DA9C77A100 /* BinaryResponseSerializer.m */ = {isa = PBXFileReference; explicitFileType = undefined; fileEncoding = 4; includeInIndex = 0; lastKnownFileType = sourcecode.c.objc; name = BinaryResponseSerializer.m; path = "cordova-plugin-advanced-http/BinaryResponseSerializer.m"; sourceTree = "<group>"; };
		F60F8C358B8D479B9B1D6538 /* CDVUIInAppBrowser.h */ = {isa = PBXFileReference; explicitFileType = undefined; fileEncoding = 4; includeInIndex = 0; lastKnownFileType = sourcecode.c.h; name = CDVUIInAppBrowser.h; path = "cordova-plugin-inappbrowser/CDVUIInAppBrowser.h"; sourceTree = "<group>"; };
		F840E1F0165FE0F500CFE078 /* config.xml */ = {isa = PBXFileReference; lastKnownFileType = text.xml; name = config.xml; path = "NAMI GA/config.xml"; sourceTree = "<group>"; };
		F8F39A76F360537D166F5210 /* Pods-NAMI GA.release.xcconfig */ = {isa = PBXFileReference; includeInIndex = 1; lastKnownFileType = text.xcconfig; name = "Pods-NAMI GA.release.xcconfig"; path = "Target Support Files/Pods-NAMI GA/Pods-NAMI GA.release.xcconfig"; sourceTree = "<group>"; };
		F9658FA9EC11465D9C705EBF /* LN_Reachability.h */ = {isa = PBXFileReference; explicitFileType = undefined; fileEncoding = 4; includeInIndex = 0; lastKnownFileType = sourcecode.c.h; name = LN_Reachability.h; path = uk.co.workingedge.phonegap.plugin.launchnavigator/LN_Reachability.h; sourceTree = "<group>"; };
		FD6CF4486E844AB29D00AB85 /* CDVSplashScreen.h */ = {isa = PBXFileReference; explicitFileType = undefined; fileEncoding = 4; includeInIndex = 0; lastKnownFileType = sourcecode.c.h; name = CDVSplashScreen.h; path = "cordova-plugin-splashscreen/CDVSplashScreen.h"; sourceTree = "<group>"; };
/* End PBXFileReference section */

/* Begin PBXFrameworksBuildPhase section */
		1D60588F0D05DD3D006BFB54 /* Frameworks */ = {
			isa = PBXFrameworksBuildPhase;
			buildActionMask = 2147483647;
			files = (
				301BF552109A68D80062928A /* libCordova.a in Frameworks */,
				C628D5C998304AB08DFA3584 /* Security.framework in Frameworks */,
				F0C1B62A41FE467FB871D94F /* SystemConfiguration.framework in Frameworks */,
				CF468E49D44D45298E0F7BD8 /* AddressBook.framework in Frameworks */,
				677646CAD4D84DC18BFFFF2B /* AddressBookUI.framework in Frameworks */,
				EC560797D12D4038B81F6771 /* AudioToolbox.framework in Frameworks */,
				9D78AD8D411046DDABB29E2E /* libc++.tbd in Frameworks */,
				8092BACA2EC14BCB9C084E37 /* libz.tbd in Frameworks */,
				4FC6C18E0F0D4373ABC76C64 /* libsqlite3.0.tbd in Frameworks */,
				591F96AA5769407D821933B2 /* CoreLocation.framework in Frameworks */,
				4AEE8F021BF9485CA2DA1BE7 /* CoreText.framework in Frameworks */,
				0278908851E9433F9B8F9DF8 /* SafariServices.framework in Frameworks */,
				51F6B56CD17D40618A9F96BB /* libz.dylib in Frameworks */,
				9A49BB513927033F30DB42DA /* Pods_NAMI_GA.framework in Frameworks */,
				213578E166C846DC89E2B7FB /* WebKit.framework in Frameworks */,
				7419A5794AAB48DABCDEE268 /* CoreTelephony.framework in Frameworks */,
				8F1B8DCCA89F4D6B953F05B0 /* AuthenticationServices.framework in Frameworks */,
				AED1D68777454AA4A3A62BB0 /* MapKit.framework in Frameworks */,
			);
			runOnlyForDeploymentPostprocessing = 0;
		};
/* End PBXFrameworksBuildPhase section */

/* Begin PBXGroup section */
		080E96DDFE201D6D7F000001 /* Classes */ = {
			isa = PBXGroup;
			children = (
				302D95EE14D2391D003F00A1 /* MainViewController.h */,
				302D95EF14D2391D003F00A1 /* MainViewController.m */,
				302D95F014D2391D003F00A1 /* MainViewController.xib */,
				1D3623240D0F684500981E51 /* AppDelegate.h */,
				1D3623250D0F684500981E51 /* AppDelegate.m */,
			);
			name = Classes;
			path = "NAMI GA/Classes";
			sourceTree = SOURCE_ROOT;
		};
		19C28FACFE9D520D11CA2CBB /* Products */ = {
			isa = PBXGroup;
			children = (
				1D6058910D05DD3D006BFB54 /* NAMI GA.app */,
			);
			name = Products;
			sourceTree = "<group>";
		};
		29B97314FDCFA39411CA2CEA /* CustomTemplate */ = {
			isa = PBXGroup;
			children = (
				EB87FDF41871DAF40020F90C /* config.xml */,
				EB87FDF31871DA8E0020F90C /* www */,
				EB87FDF11871DA420020F90C /* Staging */,
				301BF52D109A57CC0062928A /* CordovaLib.xcodeproj */,
				080E96DDFE201D6D7F000001 /* Classes */,
				307C750510C5A3420062BCA9 /* Plugins */,
				29B97315FDCFA39411CA2CEA /* Other Sources */,
				29B97317FDCFA39411CA2CEA /* Resources */,
				29B97323FDCFA39411CA2CEA /* Frameworks */,
				19C28FACFE9D520D11CA2CBB /* Products */,
				8FE40E9AD96BD9AB7D1D04A4 /* Pods */,
			);
			name = CustomTemplate;
			sourceTree = "<group>";
		};
		29B97315FDCFA39411CA2CEA /* Other Sources */ = {
			isa = PBXGroup;
			children = (
				32CA4F630368D1EE00C91783 /* NAMI GA-Prefix.pch */,
				29B97316FDCFA39411CA2CEA /* main.m */,
				ED33DF2A687741AEAF9F8254 /* Bridging-Header.h */,
			);
			name = "Other Sources";
			path = "NAMI GA";
			sourceTree = "<group>";
		};
		29B97317FDCFA39411CA2CEA /* Resources */ = {
			isa = PBXGroup;
			children = (
				0207DA571B56EA530066E2B4 /* Images.xcassets */,
				3047A50E1AB8057F00498E2A /* config */,
				8D1107310486CEB800E47090 /* NAMI GA-Info.plist */,
				6AFF5BF81D6E424B00AB3073 /* CDVLaunchScreen.storyboard */,
				23DEB13EA2764CF5A0A653D5 /* CDVNotification.bundle */,
				EC0B57597B134D0B8A858516 /* GoogleService-Info.plist */,
			);
			name = Resources;
			path = "NAMI GA/Resources";
			sourceTree = "<group>";
		};
		29B97323FDCFA39411CA2CEA /* Frameworks */ = {
			isa = PBXGroup;
			children = (
				2BB725301E5048CBA4DC468F /* Security.framework */,
				BCCAB75297834E9088D0D296 /* SystemConfiguration.framework */,
				74DD85C2D4F847EFA6A06E7E /* AddressBook.framework */,
				21EDAF1E74214BC498A3C7CB /* AddressBookUI.framework */,
				2B6C57278755496F8CB571DD /* AudioToolbox.framework */,
				2420CE0EFFB84CCA8E54E7E9 /* libc++.tbd */,
				F017F689CE0041E3A0FCAB4D /* libz.tbd */,
				37AD0CD7ED0F4E5AAB974D90 /* libsqlite3.0.tbd */,
				B3196CA620AF45C3AB3D2F29 /* CoreLocation.framework */,
				7A5285EFAF434B54ABEAD818 /* CoreText.framework */,
				C0316CFBEC3D4A9EB6B63DB7 /* SafariServices.framework */,
				1D2377AD2E204692BB029513 /* libz.dylib */,
				AEB3840A1CDBF8990C7F837E /* Pods_NAMI_GA.framework */,
				45027C7212B9495B952575BD /* WebKit.framework */,
				C321693AC7EA4361B4AC0A00 /* CoreTelephony.framework */,
				7C65311E02054C5EBA3448D7 /* AuthenticationServices.framework */,
				031CD08381334BD49B16CFCB /* MapKit.framework */,
			);
			name = Frameworks;
			sourceTree = "<group>";
		};
		301BF52E109A57CC0062928A /* Products */ = {
			isa = PBXGroup;
			children = (
				301BF535109A57CC0062928A /* libCordova.a */,
				907D8124214C687600058A10 /* Cordova.framework */,
			);
			name = Products;
			sourceTree = "<group>";
		};
		3047A50E1AB8057F00498E2A /* config */ = {
			isa = PBXGroup;
			children = (
				3047A50F1AB8059700498E2A /* build-debug.xcconfig */,
				3047A5101AB8059700498E2A /* build-release.xcconfig */,
				3047A5111AB8059700498E2A /* build.xcconfig */,
			);
			name = config;
			sourceTree = "<group>";
		};
		307C750510C5A3420062BCA9 /* Plugins */ = {
			isa = PBXGroup;
			children = (
				CD9D66D0A31744B1B5A0E776 /* CFCallNumber.m */,
				D5D93807183944B2BFE45A7F /* CFCallNumber.h */,
				5861194815B14E7D88DE2C38 /* ActionSheet.m */,
				55D6AFB93B9D401F9DAEFCD5 /* ActionSheet.h */,
				DE8318996C4946C9977BFF09 /* CDVFile.m */,
				E54C05E3D6D44321AFD32284 /* CDVLocalFilesystem.m */,
				BF19B2DE36E04BED8AED69A2 /* CDVAssetLibraryFilesystem.m */,
				2109042C12A14232A74A58BF /* CDVFile.h */,
				42669EA9A1A84283A9D10D86 /* CDVLocalFilesystem.h */,
				77A3E16ECABC4490AFB50B89 /* CDVAssetLibraryFilesystem.h */,
				61BB72477D6D4790B0EB2F2D /* CordovaHttpPlugin.m */,
				DB54017003EE4A2FABF24230 /* BinaryRequestSerializer.m */,
				F4AB37CDA09943DA9C77A100 /* BinaryResponseSerializer.m */,
				6AA6758A98B44AABADE323EF /* TextResponseSerializer.m */,
				CFBD9864F861497593B7220B /* TextRequestSerializer.m */,
				0E5E111FA5AC448EA0C3C210 /* AFHTTPSessionManager.m */,
				6AA7562E5A0E449E929EA60B /* AFNetworkReachabilityManager.m */,
				D6E9CD5EF6A94463978117F3 /* AFSecurityPolicy.m */,
				68C62FF0259F423C843B2FAD /* AFURLRequestSerialization.m */,
				69CE4F9D9A8D48A181C09B07 /* AFURLResponseSerialization.m */,
				3BA0867775DD4BB0858A7790 /* AFURLSessionManager.m */,
				D1A8730E21AF4E4D84AB7258 /* SDNetworkActivityIndicator.m */,
				79E3B3418B324EF7957A76CE /* CordovaHttpPlugin.h */,
				EA7D8BD4C0C24E79B0E53192 /* BinaryRequestSerializer.h */,
				BEE574CD6A5443F795A29A81 /* BinaryResponseSerializer.h */,
				BCA939799D0C4F86A2EA4BD7 /* TextResponseSerializer.h */,
				2D1D7731466C408B98751268 /* TextRequestSerializer.h */,
				CD01C8EEC724472B90DF1721 /* AFHTTPSessionManager.h */,
				E895C861787B44639C3BE125 /* AFNetworking.h */,
				3F413BCC458F4555AADC73A0 /* AFNetworkReachabilityManager.h */,
				505712A326244736AB5D1B6C /* AFSecurityPolicy.h */,
				650CF11FBE87426E9360E68E /* AFURLRequestSerialization.h */,
				457F0AE92E3A4DF8ABA3A8B8 /* AFURLResponseSerialization.h */,
				6433051DA9534BD0BE112377 /* AFURLSessionManager.h */,
				5017D92C35F2476CB5630107 /* SDNetworkActivityIndicator.h */,
				8F7D96F94B2B4DFA819A79BB /* CDVContacts.m */,
				8EDBE904AFAB4428A7F85287 /* CDVContact.m */,
				928994A969B64269AF9E4831 /* CDVContacts.h */,
				08B0F0C623C847B88863B0F5 /* CDVContact.h */,
				E7903FB2E3574404BE33F68B /* CDVDevice.m */,
				86CF1732E77746D8AD02BB29 /* CDVDevice.h */,
				6611AD9D7F9C4B20900A40EB /* CDVNotification.m */,
				862436B07ECC45418D55DEB2 /* CDVNotification.h */,
				3CF84A0E9B404C25A689D1A5 /* FCMPlugin.m */,
				47D6EF20FA6645839D6C6238 /* AppDelegate+FCMPlugin.m */,
				3848CA996A0643ADB14C7404 /* FCMPlugin.h */,
				7B577CDB7EB2465EB24EAB16 /* AppDelegate+FCMPlugin.h */,
				DD4E338C36AA43D188AA078D /* FirebaseAnalyticsPlugin.m */,
				1DACD640F54F4CB9AFC198B9 /* FirebaseAnalyticsPlugin.h */,
				E97ED44D32A44738AF40FADF /* AppDelegate+FirebaseMessagingPlugin.m */,
				B73FD4453EA846C0AE6C1CBF /* FirebaseMessagingPlugin.m */,
				0625782CE67C4DFAA63440FD /* AppDelegate+FirebaseMessagingPlugin.h */,
				A61CF3C181824B8E93F85EE9 /* FirebaseMessagingPlugin.h */,
				262EC3A717B44E4D925BF65F /* CDVLocation.m */,
				C8E9002D168B42FBA78F0E07 /* CDVLocation.h */,
				09D36BDB8D8B4DC7ADF73D2B /* CDVGlobalization.m */,
				93505F43DAB64C3FBEA6639E /* CDVGlobalization.h */,
				96C328452937463381B96124 /* GooglePlus.m */,
				BC72841B3C7B4D00B4E67143 /* GooglePlus.h */,
				4D43765B476A4EAF8EB103E9 /* CDVInAppBrowser.m */,
				936D009930AB4B6E9A082A60 /* CDVInAppBrowserOptions.m */,
				E889F25E6C114388A6D65E5E /* CDVInAppBrowserNavigationController.m */,
				A781E3C9B0194E6EA7C72EC3 /* CDVUIInAppBrowser.m */,
				DCF9DFCC92004399B00A4852 /* CDVWKInAppBrowser.m */,
				3B1DE00BBE444BBA98F65FCB /* CDVWKInAppBrowserUIDelegate.m */,
				80DEFF4E4E674D2E928B6BE0 /* CDVInAppBrowser.h */,
				09CF4FD52E13446487727D83 /* CDVInAppBrowserOptions.h */,
				7308178C86DF45648D9A3E9D /* CDVInAppBrowserNavigationController.h */,
				F60F8C358B8D479B9B1D6538 /* CDVUIInAppBrowser.h */,
				B43566B9E8654C1BAC7FADB0 /* CDVWKInAppBrowser.h */,
				B12EF0B5D18544FD8FD95C9C /* CDVWKInAppBrowserUIDelegate.h */,
				801DDBFF39464AD0B58FD7D8 /* CDVIonicKeyboard.m */,
				9F54EF1B99794726AF534778 /* CDVIonicKeyboard.h */,
				81F36A96E620440CAE413865 /* CDVWKWebViewEngine.m */,
				863EF364754E4438813D4F54 /* CDVWKWebViewUIDelegate.m */,
				CC66AE2A848046BAA7651143 /* CDVWKProcessPoolFactory.m */,
				A7408F32A1B04230A0E44051 /* IONAssetHandler.m */,
				67F08A54455842B1AF1364D0 /* CDVWKWebViewEngine.h */,
				006C9708E54640408CC2580F /* CDVWKWebViewUIDelegate.h */,
				C92BBE24FB1346C8AF484F92 /* CDVWKProcessPoolFactory.h */,
				EEBF31F7E00946C7A502C4E9 /* IONAssetHandler.h */,
				8CAA968072C04C98A40127A5 /* CDVConnection.m */,
				6A989624B5724563AFE9FE54 /* CDVReachability.m */,
				4F9B6672977749C09A358BA9 /* CDVConnection.h */,
				715F1D1D9DB44EDCAC009AA3 /* CDVReachability.h */,
				960F1D5916B44D9C9998DEDF /* SignInWithApple.h */,
				B5616DE3777043AABFAD1FC9 /* SignInWithApple.m */,
				75944631313D47D78CB2CFFA /* CDVSplashScreen.m */,
				C4939820068747678839A1B6 /* CDVViewController+SplashScreen.m */,
				FD6CF4486E844AB29D00AB85 /* CDVSplashScreen.h */,
				60E94775F805419E8D893578 /* CDVViewController+SplashScreen.h */,
				081A82F6095B4E0AB2FC115E /* CDVStatusBar.m */,
				0009DE59983C406C83FFB2B7 /* CDVStatusBar.h */,
				94FA6D8FC6ED49B38AC03019 /* LaunchNavigatorPlugin.m */,
				68992B639C2B41C78ED8AE40 /* WE_CordovaLogger.m */,
				AB00F89173CE4F99930D3488 /* LN_LaunchNavigator.m */,
				934D23F6DABC46039228EB9F /* LN_Reachability.m */,
				6A9551077E2D4CA1A8440876 /* WE_Logger.m */,
				F334295DE57C4455BD81D987 /* LaunchNavigatorPlugin.h */,
				3DC4BEB8E36042E0A568C9DF /* WE_CordovaLogger.h */,
				D9145A5785DA41B0A457291A /* LN_LaunchNavigator.h */,
				F9658FA9EC11465D9C705EBF /* LN_Reachability.h */,
				044A6A8FA58F479DAC91F93A /* WE_Logger.h */,
			);
			name = Plugins;
			path = "NAMI GA/Plugins";
			sourceTree = SOURCE_ROOT;
		};
		8FE40E9AD96BD9AB7D1D04A4 /* Pods */ = {
			isa = PBXGroup;
			children = (
				629D26336712CD23A9EE6727 /* Pods-NAMI GA.debug.xcconfig */,
				F8F39A76F360537D166F5210 /* Pods-NAMI GA.release.xcconfig */,
			);
			path = Pods;
			sourceTree = "<group>";
		};
		EB87FDF11871DA420020F90C /* Staging */ = {
			isa = PBXGroup;
			children = (
				F840E1F0165FE0F500CFE078 /* config.xml */,
				301BF56E109A69640062928A /* www */,
			);
			name = Staging;
			sourceTree = "<group>";
		};
/* End PBXGroup section */

/* Begin PBXNativeTarget section */
		1D6058900D05DD3D006BFB54 /* NAMI GA */ = {
			isa = PBXNativeTarget;
			buildConfigurationList = 1D6058960D05DD3E006BFB54 /* Build configuration list for PBXNativeTarget "NAMI GA" */;
			buildPhases = (
				DCFF698F5A867DCD8DD1D68C /* [CP] Check Pods Manifest.lock */,
				304B58A110DAC018002A0835 /* Copy www directory */,
				1D60588D0D05DD3D006BFB54 /* Resources */,
				1D60588E0D05DD3D006BFB54 /* Sources */,
				1D60588F0D05DD3D006BFB54 /* Frameworks */,
				16C88872C11B5C613779FDF2 /* [CP] Embed Pods Frameworks */,
				3730526E6A362CFEA4BDE823 /* [CP] Copy Pods Resources */,
			);
			buildRules = (
			);
			dependencies = (
				301BF551109A68C00062928A /* PBXTargetDependency */,
			);
			name = "NAMI GA";
			productName = "NAMI GA";
			productReference = 1D6058910D05DD3D006BFB54 /* NAMI GA.app */;
			productType = "com.apple.product-type.application";
		};
/* End PBXNativeTarget section */

/* Begin PBXProject section */
		29B97313FDCFA39411CA2CEA /* Project object */ = {
			isa = PBXProject;
			attributes = {
				LastUpgradeCheck = 510;
				TargetAttributes = {
					1D6058900D05DD3D006BFB54 = {
						DevelopmentTeam = Q949HGCNVJ;
						ProvisioningStyle = Automatic;
					};
				};
			};
			buildConfigurationList = C01FCF4E08A954540054247B /* Build configuration list for PBXProject "NAMI GA" */;
			compatibilityVersion = "Xcode 3.2";
			developmentRegion = English;
			hasScannedForEncodings = 1;
			knownRegions = (
				English,
				en,
				Base,
			);
			mainGroup = 29B97314FDCFA39411CA2CEA /* CustomTemplate */;
			productRefGroup = 19C28FACFE9D520D11CA2CBB /* Products */;
			projectDirPath = "";
			projectReferences = (
				{
					ProductGroup = 301BF52E109A57CC0062928A /* Products */;
					ProjectRef = 301BF52D109A57CC0062928A /* CordovaLib.xcodeproj */;
				},
			);
			projectRoot = "";
			targets = (
				1D6058900D05DD3D006BFB54 /* NAMI GA */,
			);
		};
/* End PBXProject section */

/* Begin PBXReferenceProxy section */
		301BF535109A57CC0062928A /* libCordova.a */ = {
			isa = PBXReferenceProxy;
			fileType = archive.ar;
			path = libCordova.a;
			remoteRef = 301BF534109A57CC0062928A /* PBXContainerItemProxy */;
			sourceTree = BUILT_PRODUCTS_DIR;
		};
		907D8124214C687600058A10 /* Cordova.framework */ = {
			isa = PBXReferenceProxy;
			fileType = wrapper.framework;
			path = Cordova.framework;
			remoteRef = 907D8123214C687600058A10 /* PBXContainerItemProxy */;
			sourceTree = BUILT_PRODUCTS_DIR;
		};
/* End PBXReferenceProxy section */

/* Begin PBXResourcesBuildPhase section */
		1D60588D0D05DD3D006BFB54 /* Resources */ = {
			isa = PBXResourcesBuildPhase;
			buildActionMask = 2147483647;
			files = (
				302D95F214D2391D003F00A1 /* MainViewController.xib in Resources */,
				0207DA581B56EA530066E2B4 /* Images.xcassets in Resources */,
				6AFF5BF91D6E424B00AB3073 /* CDVLaunchScreen.storyboard in Resources */,
				A0E863B6A53C4A63975F8E1D /* CDVNotification.bundle in Resources */,
				75CB804E87244547BED2E01B /* GoogleService-Info.plist in Resources */,
			);
			runOnlyForDeploymentPostprocessing = 0;
		};
/* End PBXResourcesBuildPhase section */

/* Begin PBXShellScriptBuildPhase section */
		16C88872C11B5C613779FDF2 /* [CP] Embed Pods Frameworks */ = {
			isa = PBXShellScriptBuildPhase;
			buildActionMask = 2147483647;
			files = (
			);
			inputPaths = (
				"${PODS_ROOT}/Target Support Files/Pods-NAMI GA/Pods-NAMI GA-frameworks.sh",
				"${BUILT_PRODUCTS_DIR}/AppAuth/AppAuth.framework",
				"${BUILT_PRODUCTS_DIR}/GTMAppAuth/GTMAppAuth.framework",
				"${BUILT_PRODUCTS_DIR}/GTMSessionFetcher/GTMSessionFetcher.framework",
				"${BUILT_PRODUCTS_DIR}/GoogleUtilities/GoogleUtilities.framework",
				"${BUILT_PRODUCTS_DIR}/Protobuf/protobuf.framework",
				"${BUILT_PRODUCTS_DIR}/nanopb/nanopb.framework",
			);
			name = "[CP] Embed Pods Frameworks";
			outputPaths = (
				"${TARGET_BUILD_DIR}/${FRAMEWORKS_FOLDER_PATH}/AppAuth.framework",
				"${TARGET_BUILD_DIR}/${FRAMEWORKS_FOLDER_PATH}/GTMAppAuth.framework",
				"${TARGET_BUILD_DIR}/${FRAMEWORKS_FOLDER_PATH}/GTMSessionFetcher.framework",
				"${TARGET_BUILD_DIR}/${FRAMEWORKS_FOLDER_PATH}/GoogleUtilities.framework",
				"${TARGET_BUILD_DIR}/${FRAMEWORKS_FOLDER_PATH}/protobuf.framework",
				"${TARGET_BUILD_DIR}/${FRAMEWORKS_FOLDER_PATH}/nanopb.framework",
			);
			runOnlyForDeploymentPostprocessing = 0;
			shellPath = /bin/sh;
			shellScript = "\"${PODS_ROOT}/Target Support Files/Pods-NAMI GA/Pods-NAMI GA-frameworks.sh\"\n";
			showEnvVarsInLog = 0;
		};
		304B58A110DAC018002A0835 /* Copy www directory */ = {
			isa = PBXShellScriptBuildPhase;
			buildActionMask = 2147483647;
			files = (
			);
			inputPaths = (
			);
			name = "Copy www directory";
			outputPaths = (
			);
			runOnlyForDeploymentPostprocessing = 0;
			shellPath = /bin/sh;
			shellScript = "\"$SRCROOT/NAMI GA/Scripts/copy-www-build-step.sh\"";
			showEnvVarsInLog = 0;
		};
		3730526E6A362CFEA4BDE823 /* [CP] Copy Pods Resources */ = {
			isa = PBXShellScriptBuildPhase;
			buildActionMask = 2147483647;
			files = (
			);
			inputPaths = (
				"${PODS_ROOT}/Target Support Files/Pods-NAMI GA/Pods-NAMI GA-resources.sh",
				"${PODS_ROOT}/GoogleSignIn/Resources/GoogleSignIn.bundle",
			);
			name = "[CP] Copy Pods Resources";
			outputPaths = (
				"${TARGET_BUILD_DIR}/${UNLOCALIZED_RESOURCES_FOLDER_PATH}/GoogleSignIn.bundle",
			);
			runOnlyForDeploymentPostprocessing = 0;
			shellPath = /bin/sh;
			shellScript = "\"${PODS_ROOT}/Target Support Files/Pods-NAMI GA/Pods-NAMI GA-resources.sh\"\n";
			showEnvVarsInLog = 0;
		};
		DCFF698F5A867DCD8DD1D68C /* [CP] Check Pods Manifest.lock */ = {
			isa = PBXShellScriptBuildPhase;
			buildActionMask = 2147483647;
			files = (
			);
			inputFileListPaths = (
			);
			inputPaths = (
				"${PODS_PODFILE_DIR_PATH}/Podfile.lock",
				"${PODS_ROOT}/Manifest.lock",
			);
			name = "[CP] Check Pods Manifest.lock";
			outputFileListPaths = (
			);
			outputPaths = (
				"$(DERIVED_FILE_DIR)/Pods-NAMI GA-checkManifestLockResult.txt",
			);
			runOnlyForDeploymentPostprocessing = 0;
			shellPath = /bin/sh;
			shellScript = "diff \"${PODS_PODFILE_DIR_PATH}/Podfile.lock\" \"${PODS_ROOT}/Manifest.lock\" > /dev/null\nif [ $? != 0 ] ; then\n    # print error to STDERR\n    echo \"error: The sandbox is not in sync with the Podfile.lock. Run 'pod install' or update your CocoaPods installation.\" >&2\n    exit 1\nfi\n# This output is used by Xcode 'outputs' to avoid re-running this script phase.\necho \"SUCCESS\" > \"${SCRIPT_OUTPUT_FILE_0}\"\n";
			showEnvVarsInLog = 0;
		};
/* End PBXShellScriptBuildPhase section */

/* Begin PBXSourcesBuildPhase section */
		1D60588E0D05DD3D006BFB54 /* Sources */ = {
			isa = PBXSourcesBuildPhase;
			buildActionMask = 2147483647;
			files = (
				1D60589B0D05DD56006BFB54 /* main.m in Sources */,
				1D3623260D0F684500981E51 /* AppDelegate.m in Sources */,
				302D95F114D2391D003F00A1 /* MainViewController.m in Sources */,
				5C8270101A7B411E8FFA0628 /* CFCallNumber.m in Sources */,
				4EE22C43C3F1437D9E68665C /* ActionSheet.m in Sources */,
				AFBC8BA19C8747189044F9F4 /* CDVFile.m in Sources */,
				4F96567294A640429449AA54 /* CDVLocalFilesystem.m in Sources */,
				E944C6AB1ED54A598AE559A5 /* CDVAssetLibraryFilesystem.m in Sources */,
				076D4AD5C15B499891468C67 /* CordovaHttpPlugin.m in Sources */,
				1BD3FCD57AA74FE1B677BA3A /* BinaryRequestSerializer.m in Sources */,
				B71D78CA56EF453094928CEE /* BinaryResponseSerializer.m in Sources */,
				B9CF8359673F4C1F9D63E974 /* TextResponseSerializer.m in Sources */,
				9490E8A2980E4AA0BABC3768 /* TextRequestSerializer.m in Sources */,
				050722FCEE514B5B9131EB56 /* AFHTTPSessionManager.m in Sources */,
				D54F629FC86F4E01A538316E /* AFNetworkReachabilityManager.m in Sources */,
				A54A45A0525A4E888FD3490B /* AFSecurityPolicy.m in Sources */,
				12E89F91DD8A491D81045E80 /* AFURLRequestSerialization.m in Sources */,
				B2DD48C6F1B54E328508FD61 /* AFURLResponseSerialization.m in Sources */,
				E5244589764A4CE2BBD6C7AA /* AFURLSessionManager.m in Sources */,
				6541538006A54692ADBE157B /* SDNetworkActivityIndicator.m in Sources */,
				092CB6F33FFE40F4B6C6F2C7 /* CDVContacts.m in Sources */,
				2C3345A9822C482B96A543F1 /* CDVContact.m in Sources */,
				BD0E1D8C9E0942F3B54034A8 /* CDVDevice.m in Sources */,
				A104A7CB5CB44533A120725C /* CDVNotification.m in Sources */,
				0687526539C54CF99A3D3AE0 /* FCMPlugin.m in Sources */,
				2BDC6C0313D94631BACECC66 /* AppDelegate+FCMPlugin.m in Sources */,
				AAF3049969E74ED8915FCE4F /* FirebaseAnalyticsPlugin.m in Sources */,
				F64EA33C0F3B407C8164E453 /* AppDelegate+FirebaseMessagingPlugin.m in Sources */,
				635597045E03462AABA37426 /* FirebaseMessagingPlugin.m in Sources */,
				DED92598C9E345D784873E50 /* CDVLocation.m in Sources */,
				EABA99D234A74FF6B6F89C1D /* CDVGlobalization.m in Sources */,
				D4062A28BE834EAE9840D52E /* GooglePlus.m in Sources */,
				58FF86FB2FE943CB876BF923 /* CDVInAppBrowser.m in Sources */,
				8016895799B0416B95373846 /* CDVInAppBrowserOptions.m in Sources */,
				54C407638375404CBABABDB7 /* CDVInAppBrowserNavigationController.m in Sources */,
				CF62BE8C9D444A9993497B37 /* CDVUIInAppBrowser.m in Sources */,
				E1F6EDD481B34A70B6CDA360 /* CDVWKInAppBrowser.m in Sources */,
				3AAF291701F8498DA4B02575 /* CDVWKInAppBrowserUIDelegate.m in Sources */,
				969021B1B1934271A4D06B15 /* CDVIonicKeyboard.m in Sources */,
				92E2E5A284A047C6A7870291 /* CDVWKWebViewEngine.m in Sources */,
				F2E33A2D39CA41B1B5B9C887 /* CDVWKWebViewUIDelegate.m in Sources */,
				0757E457DA1A425AB1D80B1F /* CDVWKProcessPoolFactory.m in Sources */,
				2D2385DF2638426E9A91D9B1 /* IONAssetHandler.m in Sources */,
				097F3FA6D250461480408B41 /* CDVConnection.m in Sources */,
				3B654F9D3BD64AD9806072FA /* CDVReachability.m in Sources */,
				377B7484EAC6481FB0C084D5 /* SignInWithApple.h in Sources */,
				7EFE5BC35D214C4DB68BA9B7 /* SignInWithApple.m in Sources */,
				2FDD1D397A4C42FABB9AD009 /* CDVSplashScreen.m in Sources */,
				4468B9D8AEAC4EC29A665F4A /* CDVViewController+SplashScreen.m in Sources */,
				262CBECDEBBA403A81DD940E /* CDVStatusBar.m in Sources */,
				C57FEDD26BC34A0AB143FA91 /* LaunchNavigatorPlugin.m in Sources */,
				F195E1FA36DC4C49B176F720 /* WE_CordovaLogger.m in Sources */,
				294F80D45D19488A800DC5F4 /* LN_LaunchNavigator.m in Sources */,
				48C87CCC3E5940F99CBDD00D /* LN_Reachability.m in Sources */,
				FE01723E55CD4BED99892410 /* WE_Logger.m in Sources */,
			);
			runOnlyForDeploymentPostprocessing = 0;
		};
/* End PBXSourcesBuildPhase section */

/* Begin PBXTargetDependency section */
		301BF551109A68C00062928A /* PBXTargetDependency */ = {
			isa = PBXTargetDependency;
			name = CordovaLib;
			targetProxy = 301BF550109A68C00062928A /* PBXContainerItemProxy */;
		};
/* End PBXTargetDependency section */

/* Begin XCBuildConfiguration section */
		1D6058940D05DD3E006BFB54 /* Debug */ = {
			isa = XCBuildConfiguration;
			baseConfigurationReference = 3047A50F1AB8059700498E2A /* build-debug.xcconfig */;
			buildSettings = {
				ALWAYS_SEARCH_USER_PATHS = NO;
				ASSETCATALOG_COMPILER_APPICON_NAME = AppIcon;
				ASSETCATALOG_COMPILER_LAUNCHIMAGE_NAME = LaunchImage;
				CLANG_ENABLE_MODULES = YES;
				CLANG_ENABLE_OBJC_ARC = YES;
				CODE_SIGN_IDENTITY = "Apple Development";
				CODE_SIGN_STYLE = Automatic;
				COPY_PHASE_STRIP = NO;
				CURRENT_PROJECT_VERSION = 1.0;
				DEVELOPMENT_TEAM = Q949HGCNVJ;
				GCC_DYNAMIC_NO_PIC = NO;
				GCC_OPTIMIZATION_LEVEL = 0;
				GCC_PRECOMPILE_PREFIX_HEADER = YES;
				GCC_PREFIX_HEADER = "NAMI GA/NAMI GA-Prefix.pch";
				GCC_THUMB_SUPPORT = NO;
				GCC_VERSION = "";
				INFOPLIST_FILE = "NAMI GA/NAMI GA-Info.plist";
				IPHONEOS_DEPLOYMENT_TARGET = 11.0;
				LD_RUNPATH_SEARCH_PATHS = "@executable_path/Frameworks";
				PRODUCT_BUNDLE_IDENTIFIER = com.nami.georgia;
				PRODUCT_NAME = "$(TARGET_NAME)";
				PROVISIONING_PROFILE_SPECIFIER = "";
				TARGETED_DEVICE_FAMILY = "1,2";
			};
			name = Debug;
		};
		1D6058950D05DD3E006BFB54 /* Release */ = {
			isa = XCBuildConfiguration;
			baseConfigurationReference = 3047A5101AB8059700498E2A /* build-release.xcconfig */;
			buildSettings = {
				ALWAYS_SEARCH_USER_PATHS = NO;
				ASSETCATALOG_COMPILER_APPICON_NAME = AppIcon;
				ASSETCATALOG_COMPILER_LAUNCHIMAGE_NAME = LaunchImage;
				CLANG_ENABLE_MODULES = YES;
				CLANG_ENABLE_OBJC_ARC = YES;
				CODE_SIGN_IDENTITY = "Apple Development";
				CODE_SIGN_STYLE = Automatic;
				COPY_PHASE_STRIP = YES;
				CURRENT_PROJECT_VERSION = 1.0;
				DEVELOPMENT_TEAM = Q949HGCNVJ;
				GCC_PRECOMPILE_PREFIX_HEADER = YES;
				GCC_PREFIX_HEADER = "NAMI GA/NAMI GA-Prefix.pch";
				GCC_THUMB_SUPPORT = NO;
				GCC_VERSION = "";
				INFOPLIST_FILE = "NAMI GA/NAMI GA-Info.plist";
				IPHONEOS_DEPLOYMENT_TARGET = 11.0;
				LD_RUNPATH_SEARCH_PATHS = "@executable_path/Frameworks";
				PRODUCT_BUNDLE_IDENTIFIER = com.nami.georgia;
				PRODUCT_NAME = "$(TARGET_NAME)";
				PROVISIONING_PROFILE_SPECIFIER = "";
				TARGETED_DEVICE_FAMILY = "1,2";
			};
			name = Release;
		};
		C01FCF4F08A954540054247B /* Debug */ = {
			isa = XCBuildConfiguration;
			baseConfigurationReference = 3047A5111AB8059700498E2A /* build.xcconfig */;
			buildSettings = {
				CLANG_ENABLE_MODULES = YES;
				CLANG_ENABLE_OBJC_ARC = YES;
				CLANG_WARN_BLOCK_CAPTURE_AUTORELEASING = YES;
				CLANG_WARN_BOOL_CONVERSION = YES;
				CLANG_WARN_COMMA = YES;
				CLANG_WARN_CONSTANT_CONVERSION = YES;
				CLANG_WARN_DEPRECATED_OBJC_IMPLEMENTATIONS = YES;
				CLANG_WARN_EMPTY_BODY = YES;
				CLANG_WARN_ENUM_CONVERSION = YES;
				CLANG_WARN_INFINITE_RECURSION = YES;
				CLANG_WARN_INT_CONVERSION = YES;
				CLANG_WARN_NON_LITERAL_NULL_CONVERSION = YES;
				CLANG_WARN_OBJC_IMPLICIT_RETAIN_SELF = YES;
				CLANG_WARN_OBJC_LITERAL_CONVERSION = YES;
				CLANG_WARN_RANGE_LOOP_ANALYSIS = YES;
				CLANG_WARN_STRICT_PROTOTYPES = YES;
				CLANG_WARN_SUSPICIOUS_MOVE = YES;
				CLANG_WARN_UNREACHABLE_CODE = YES;
				CLANG_WARN__DUPLICATE_METHOD_MATCH = YES;
				ENABLE_STRICT_OBJC_MSGSEND = YES;
				ENABLE_TESTABILITY = YES;
				GCC_C_LANGUAGE_STANDARD = c99;
				GCC_NO_COMMON_BLOCKS = YES;
				GCC_THUMB_SUPPORT = NO;
				GCC_VERSION = "";
				GCC_WARN_64_TO_32_BIT_CONVERSION = YES;
				GCC_WARN_ABOUT_RETURN_TYPE = YES;
				GCC_WARN_UNDECLARED_SELECTOR = YES;
				GCC_WARN_UNINITIALIZED_AUTOS = YES;
				GCC_WARN_UNUSED_FUNCTION = YES;
				GCC_WARN_UNUSED_VARIABLE = YES;
				IPHONEOS_DEPLOYMENT_TARGET = 11.0;
				ONLY_ACTIVE_ARCH = YES;
				PRODUCT_BUNDLE_IDENTIFIER = com.nami.georgia;
				SDKROOT = iphoneos;
				SKIP_INSTALL = NO;
				WK_WEB_VIEW_ONLY = 0;
			};
			name = Debug;
		};
		C01FCF5008A954540054247B /* Release */ = {
			isa = XCBuildConfiguration;
			baseConfigurationReference = 3047A5111AB8059700498E2A /* build.xcconfig */;
			buildSettings = {
				CLANG_ENABLE_MODULES = YES;
				CLANG_ENABLE_OBJC_ARC = YES;
				CLANG_WARN_BLOCK_CAPTURE_AUTORELEASING = YES;
				CLANG_WARN_BOOL_CONVERSION = YES;
				CLANG_WARN_COMMA = YES;
				CLANG_WARN_CONSTANT_CONVERSION = YES;
				CLANG_WARN_DEPRECATED_OBJC_IMPLEMENTATIONS = YES;
				CLANG_WARN_EMPTY_BODY = YES;
				CLANG_WARN_ENUM_CONVERSION = YES;
				CLANG_WARN_INFINITE_RECURSION = YES;
				CLANG_WARN_INT_CONVERSION = YES;
				CLANG_WARN_NON_LITERAL_NULL_CONVERSION = YES;
				CLANG_WARN_OBJC_IMPLICIT_RETAIN_SELF = YES;
				CLANG_WARN_OBJC_LITERAL_CONVERSION = YES;
				CLANG_WARN_RANGE_LOOP_ANALYSIS = YES;
				CLANG_WARN_STRICT_PROTOTYPES = YES;
				CLANG_WARN_SUSPICIOUS_MOVE = YES;
				CLANG_WARN_UNREACHABLE_CODE = YES;
				CLANG_WARN__DUPLICATE_METHOD_MATCH = YES;
				ENABLE_STRICT_OBJC_MSGSEND = YES;
				GCC_C_LANGUAGE_STANDARD = c99;
				GCC_NO_COMMON_BLOCKS = YES;
				GCC_THUMB_SUPPORT = NO;
				GCC_VERSION = "";
				GCC_WARN_64_TO_32_BIT_CONVERSION = YES;
				GCC_WARN_ABOUT_RETURN_TYPE = YES;
				GCC_WARN_UNDECLARED_SELECTOR = YES;
				GCC_WARN_UNINITIALIZED_AUTOS = YES;
				GCC_WARN_UNUSED_FUNCTION = YES;
				GCC_WARN_UNUSED_VARIABLE = YES;
				IPHONEOS_DEPLOYMENT_TARGET = 11.0;
				PRODUCT_BUNDLE_IDENTIFIER = com.nami.georgia;
				SDKROOT = iphoneos;
				SKIP_INSTALL = NO;
				WK_WEB_VIEW_ONLY = 0;
			};
			name = Release;
		};
/* End XCBuildConfiguration section */

/* Begin XCConfigurationList section */
		1D6058960D05DD3E006BFB54 /* Build configuration list for PBXNativeTarget "NAMI GA" */ = {
			isa = XCConfigurationList;
			buildConfigurations = (
				1D6058940D05DD3E006BFB54 /* Debug */,
				1D6058950D05DD3E006BFB54 /* Release */,
			);
			defaultConfigurationIsVisible = 0;
			defaultConfigurationName = Release;
		};
		C01FCF4E08A954540054247B /* Build configuration list for PBXProject "NAMI GA" */ = {
			isa = XCConfigurationList;
			buildConfigurations = (
				C01FCF4F08A954540054247B /* Debug */,
				C01FCF5008A954540054247B /* Release */,
			);
			defaultConfigurationIsVisible = 0;
			defaultConfigurationName = Release;
		};
/* End XCConfigurationList section */
	};
	rootObject = 29B97313FDCFA39411CA2CEA /* Project object */;
}
